// !$*UTF8*$!
{
	archiveVersion = 1;
	classes = {
	};
	objectVersion = 55;
	objects = {

/* Begin PBXBuildFile section */
		AA4E9ED22709B7F300D4F7C8 /* DQ3App.swift in Sources */ = {isa = PBXBuildFile; fileRef = AA4E9ED12709B7F300D4F7C8 /* DQ3App.swift */; };
		AA4E9ED42709B7F300D4F7C8 /* ContentView.swift in Sources */ = {isa = PBXBuildFile; fileRef = AA4E9ED32709B7F300D4F7C8 /* ContentView.swift */; };
		AA4E9ED62709B7F400D4F7C8 /* Assets.xcassets in Resources */ = {isa = PBXBuildFile; fileRef = AA4E9ED52709B7F400D4F7C8 /* Assets.xcassets */; };
		AA4E9ED92709B7F400D4F7C8 /* Preview Assets.xcassets in Resources */ = {isa = PBXBuildFile; fileRef = AA4E9ED82709B7F400D4F7C8 /* Preview Assets.xcassets */; };
		AA4E9EE32709B7F400D4F7C8 /* DQ3Tests.swift in Sources */ = {isa = PBXBuildFile; fileRef = AA4E9EE22709B7F400D4F7C8 /* DQ3Tests.swift */; };
		AA4E9EED2709B7F400D4F7C8 /* DQ3UITests.swift in Sources */ = {isa = PBXBuildFile; fileRef = AA4E9EEC2709B7F400D4F7C8 /* DQ3UITests.swift */; };
		AA4E9EEF2709B7F400D4F7C8 /* DQ3UITestsLaunchTests.swift in Sources */ = {isa = PBXBuildFile; fileRef = AA4E9EEE2709B7F400D4F7C8 /* DQ3UITestsLaunchTests.swift */; };
		AA4E9F052709BA3800D4F7C8 /* battle.mp3 in Resources */ = {isa = PBXBuildFile; fileRef = AA4E9EFE2709BA3700D4F7C8 /* battle.mp3 */; };
		AA4E9F062709BA3800D4F7C8 /* town.mp3 in Resources */ = {isa = PBXBuildFile; fileRef = AA4E9EFF2709BA3700D4F7C8 /* town.mp3 */; };
		AA4E9F072709BA3800D4F7C8 /* field.mp3 in Resources */ = {isa = PBXBuildFile; fileRef = AA4E9F002709BA3700D4F7C8 /* field.mp3 */; };
		AA4E9F082709BA3800D4F7C8 /* alefgard.mp3 in Resources */ = {isa = PBXBuildFile; fileRef = AA4E9F012709BA3700D4F7C8 /* alefgard.mp3 */; };
		AA4E9F092709BA3800D4F7C8 /* ramia.mp3 in Resources */ = {isa = PBXBuildFile; fileRef = AA4E9F022709BA3700D4F7C8 /* ramia.mp3 */; };
		AA4E9F0A2709BA3800D4F7C8 /* castle.mp3 in Resources */ = {isa = PBXBuildFile; fileRef = AA4E9F032709BA3800D4F7C8 /* castle.mp3 */; };
		AA4E9F0B2709BA3800D4F7C8 /* ship.mp3 in Resources */ = {isa = PBXBuildFile; fileRef = AA4E9F042709BA3800D4F7C8 /* ship.mp3 */; };
		AA4E9F122709BA4000D4F7C8 /* command.mp3 in Resources */ = {isa = PBXBuildFile; fileRef = AA4E9F0C2709BA4000D4F7C8 /* command.mp3 */; };
		AA4E9F132709BA4000D4F7C8 /* spell.mp3 in Resources */ = {isa = PBXBuildFile; fileRef = AA4E9F0D2709BA4000D4F7C8 /* spell.mp3 */; };
		AA4E9F142709BA4000D4F7C8 /* rest.mp3 in Resources */ = {isa = PBXBuildFile; fileRef = AA4E9F0E2709BA4000D4F7C8 /* rest.mp3 */; };
		AA4E9F152709BA4000D4F7C8 /* stairs.mp3 in Resources */ = {isa = PBXBuildFile; fileRef = AA4E9F0F2709BA4000D4F7C8 /* stairs.mp3 */; };
		AA4E9F162709BA4000D4F7C8 /* win.mp3 in Resources */ = {isa = PBXBuildFile; fileRef = AA4E9F102709BA4000D4F7C8 /* win.mp3 */; };
		AA4E9F172709BA4000D4F7C8 /* message.mp3 in Resources */ = {isa = PBXBuildFile; fileRef = AA4E9F112709BA4000D4F7C8 /* message.mp3 */; };
		AA4E9F1D2709BC2300D4F7C8 /* TitleScene.swift in Sources */ = {isa = PBXBuildFile; fileRef = AA4E9F1C2709BC2300D4F7C8 /* TitleScene.swift */; };
		AA4E9F202709BC6600D4F7C8 /* Constant.swift in Sources */ = {isa = PBXBuildFile; fileRef = AA4E9F1F2709BC6600D4F7C8 /* Constant.swift */; };
		AA4E9F252709BD4300D4F7C8 /* AdventureLogSceneButton.swift in Sources */ = {isa = PBXBuildFile; fileRef = AA4E9F222709BD4300D4F7C8 /* AdventureLogSceneButton.swift */; };
		AA4E9F262709BD4300D4F7C8 /* AdventureLogSceneProcessing.swift in Sources */ = {isa = PBXBuildFile; fileRef = AA4E9F232709BD4300D4F7C8 /* AdventureLogSceneProcessing.swift */; };
		AA4E9F272709BD4300D4F7C8 /* AdventureLogScene.swift in Sources */ = {isa = PBXBuildFile; fileRef = AA4E9F242709BD4300D4F7C8 /* AdventureLogScene.swift */; };
		AA4E9F2B2709BD6900D4F7C8 /* AdventureLogTopWindowNodeButtonA.swift in Sources */ = {isa = PBXBuildFile; fileRef = AA4E9F292709BD6900D4F7C8 /* AdventureLogTopWindowNodeButtonA.swift */; };
		AA4E9F2C2709BD6900D4F7C8 /* AdventureLogTopWindowNode.swift in Sources */ = {isa = PBXBuildFile; fileRef = AA4E9F2A2709BD6900D4F7C8 /* AdventureLogTopWindowNode.swift */; };
		AA4E9F302709BD9400D4F7C8 /* BaseScene.swift in Sources */ = {isa = PBXBuildFile; fileRef = AA4E9F2E2709BD9400D4F7C8 /* BaseScene.swift */; };
		AA4E9F312709BD9400D4F7C8 /* BaseSceneVirtualPad.swift in Sources */ = {isa = PBXBuildFile; fileRef = AA4E9F2F2709BD9400D4F7C8 /* BaseSceneVirtualPad.swift */; };
		AA4E9F352709BDC000D4F7C8 /* ButtonOverlay.swift in Sources */ = {isa = PBXBuildFile; fileRef = AA4E9F332709BDC000D4F7C8 /* ButtonOverlay.swift */; };
		AA4E9F362709BDC000D4F7C8 /* PadOverlay.swift in Sources */ = {isa = PBXBuildFile; fileRef = AA4E9F342709BDC000D4F7C8 /* PadOverlay.swift */; };
		AA4E9F382709BDE700D4F7C8 /* Direction.swift in Sources */ = {isa = PBXBuildFile; fileRef = AA4E9F372709BDE700D4F7C8 /* Direction.swift */; };
		AA4E9F3E2709BE1400D4F7C8 /* Triangle.swift in Sources */ = {isa = PBXBuildFile; fileRef = AA4E9F3A2709BE1300D4F7C8 /* Triangle.swift */; };
		AA4E9F3F2709BE1400D4F7C8 /* Window2.swift in Sources */ = {isa = PBXBuildFile; fileRef = AA4E9F3B2709BE1300D4F7C8 /* Window2.swift */; };
		AA4E9F402709BE1400D4F7C8 /* Words.swift in Sources */ = {isa = PBXBuildFile; fileRef = AA4E9F3C2709BE1300D4F7C8 /* Words.swift */; };
		AA4E9F412709BE1400D4F7C8 /* Window.swift in Sources */ = {isa = PBXBuildFile; fileRef = AA4E9F3D2709BE1400D4F7C8 /* Window.swift */; };
		AA4E9F492709BE4E00D4F7C8 /* DQFontLittleDashes.swift in Sources */ = {isa = PBXBuildFile; fileRef = AA4E9F442709BE4E00D4F7C8 /* DQFontLittleDashes.swift */; };
		AA4E9F4A2709BE4E00D4F7C8 /* DQFont.swift in Sources */ = {isa = PBXBuildFile; fileRef = AA4E9F452709BE4E00D4F7C8 /* DQFont.swift */; };
		AA4E9F4B2709BE4E00D4F7C8 /* DQFontCheck.swift in Sources */ = {isa = PBXBuildFile; fileRef = AA4E9F462709BE4E00D4F7C8 /* DQFontCheck.swift */; };
		AA4E9F4C2709BE4E00D4F7C8 /* DQFontLittleCircle.swift in Sources */ = {isa = PBXBuildFile; fileRef = AA4E9F472709BE4E00D4F7C8 /* DQFontLittleCircle.swift */; };
		AA4E9F4D2709BE4E00D4F7C8 /* DQFontNormal.swift in Sources */ = {isa = PBXBuildFile; fileRef = AA4E9F482709BE4E00D4F7C8 /* DQFontNormal.swift */; };
		AA4E9F512709BE7900D4F7C8 /* SoundEffectManager.swift in Sources */ = {isa = PBXBuildFile; fileRef = AA4E9F4F2709BE7900D4F7C8 /* SoundEffectManager.swift */; };
		AA4E9F522709BE7900D4F7C8 /* AudioManager.swift in Sources */ = {isa = PBXBuildFile; fileRef = AA4E9F502709BE7900D4F7C8 /* AudioManager.swift */; };
		AA4E9F542709BE9500D4F7C8 /* DQAudio.swift in Sources */ = {isa = PBXBuildFile; fileRef = AA4E9F532709BE9500D4F7C8 /* DQAudio.swift */; };
		AA4E9F562709BEC400D4F7C8 /* DebugOption.swift in Sources */ = {isa = PBXBuildFile; fileRef = AA4E9F552709BEC400D4F7C8 /* DebugOption.swift */; };
		AA4E9F582709BED500D4F7C8 /* ZPosition.swift in Sources */ = {isa = PBXBuildFile; fileRef = AA4E9F572709BED500D4F7C8 /* ZPosition.swift */; };
		AA4E9F5D2709BF7E00D4F7C8 /* OpeningScene.swift in Sources */ = {isa = PBXBuildFile; fileRef = AA4E9F5A2709BF7E00D4F7C8 /* OpeningScene.swift */; };
		AA4E9F5E2709BF7E00D4F7C8 /* OpeningSceneButton.swift in Sources */ = {isa = PBXBuildFile; fileRef = AA4E9F5B2709BF7E00D4F7C8 /* OpeningSceneButton.swift */; };
		AA4E9F6A2709BFF100D4F7C8 /* BaseMapSceneCharacterNpc.swift in Sources */ = {isa = PBXBuildFile; fileRef = AA4E9F622709BFF100D4F7C8 /* BaseMapSceneCharacterNpc.swift */; };
		AA4E9F6B2709BFF100D4F7C8 /* BaseMapSceneTileMap.swift in Sources */ = {isa = PBXBuildFile; fileRef = AA4E9F632709BFF100D4F7C8 /* BaseMapSceneTileMap.swift */; };
		AA4E9F6C2709BFF100D4F7C8 /* BaseMapSceneButton.swift in Sources */ = {isa = PBXBuildFile; fileRef = AA4E9F642709BFF100D4F7C8 /* BaseMapSceneButton.swift */; };
		AA4E9F6D2709BFF100D4F7C8 /* BaseMapSceneCharacter.swift in Sources */ = {isa = PBXBuildFile; fileRef = AA4E9F652709BFF100D4F7C8 /* BaseMapSceneCharacter.swift */; };
		AA4E9F6E2709BFF100D4F7C8 /* BaseMapSceneCharacterHero.swift in Sources */ = {isa = PBXBuildFile; fileRef = AA4E9F662709BFF100D4F7C8 /* BaseMapSceneCharacterHero.swift */; };
		AA4E9F702709BFF100D4F7C8 /* BaseMapScene.swift in Sources */ = {isa = PBXBuildFile; fileRef = AA4E9F682709BFF100D4F7C8 /* BaseMapScene.swift */; };
		AA4E9F762709C02000D4F7C8 /* MapMessageWindowNodeLine.swift in Sources */ = {isa = PBXBuildFile; fileRef = AA4E9F722709C01F00D4F7C8 /* MapMessageWindowNodeLine.swift */; };
		AA4E9F772709C02000D4F7C8 /* MapMessageWindowNode.swift in Sources */ = {isa = PBXBuildFile; fileRef = AA4E9F732709C01F00D4F7C8 /* MapMessageWindowNode.swift */; };
		AA4E9F782709C02000D4F7C8 /* MapMessageWindowNodeShow.swift in Sources */ = {isa = PBXBuildFile; fileRef = AA4E9F742709C01F00D4F7C8 /* MapMessageWindowNodeShow.swift */; };
		AA4E9F792709C02000D4F7C8 /* MapMessageWindowNodeShowAll.swift in Sources */ = {isa = PBXBuildFile; fileRef = AA4E9F752709C02000D4F7C8 /* MapMessageWindowNodeShowAll.swift */; };
		AA4E9F7B2709C0BA00D4F7C8 /* DQCharacter.swift in Sources */ = {isa = PBXBuildFile; fileRef = AA4E9F7A2709C0BA00D4F7C8 /* DQCharacter.swift */; };
		AA4E9F7D2709C0D700D4F7C8 /* DQVocation.swift in Sources */ = {isa = PBXBuildFile; fileRef = AA4E9F7C2709C0D700D4F7C8 /* DQVocation.swift */; };
		AA4E9F8A2709C14800D4F7C8 /* AliahanTownHouseScene.swift in Sources */ = {isa = PBXBuildFile; fileRef = AA4E9F7F2709C14800D4F7C8 /* AliahanTownHouseScene.swift */; };
		AA4E9F8B2709C14800D4F7C8 /* aliahan_town_house.csv in Resources */ = {isa = PBXBuildFile; fileRef = AA4E9F802709C14800D4F7C8 /* aliahan_town_house.csv */; };
		AA4E9F8C2709C14800D4F7C8 /* AliahanTownHouseSceneCheckCanMove.swift in Sources */ = {isa = PBXBuildFile; fileRef = AA4E9F812709C14800D4F7C8 /* AliahanTownHouseSceneCheckCanMove.swift */; };
		AA4E9F8E2709C14800D4F7C8 /* AliahanTownHouseSceneButton.swift in Sources */ = {isa = PBXBuildFile; fileRef = AA4E9F832709C14800D4F7C8 /* AliahanTownHouseSceneButton.swift */; };
		AA4E9F8F2709C14800D4F7C8 /* AliahanTownHouseSceneEvent.swift in Sources */ = {isa = PBXBuildFile; fileRef = AA4E9F842709C14800D4F7C8 /* AliahanTownHouseSceneEvent.swift */; };
		AA4E9F902709C14800D4F7C8 /* AliahanTownHouseScenePartyCharacters.swift in Sources */ = {isa = PBXBuildFile; fileRef = AA4E9F852709C14800D4F7C8 /* AliahanTownHouseScenePartyCharacters.swift */; };
		AA4E9F912709C14800D4F7C8 /* AliahanTownHouseSceneNpcCharacters.swift in Sources */ = {isa = PBXBuildFile; fileRef = AA4E9F862709C14800D4F7C8 /* AliahanTownHouseSceneNpcCharacters.swift */; };
		AA4E9F932709C14800D4F7C8 /* AliahanTownHouseSceneCheckPosition.swift in Sources */ = {isa = PBXBuildFile; fileRef = AA4E9F882709C14800D4F7C8 /* AliahanTownHouseSceneCheckPosition.swift */; };
		AA4E9F942709C14800D4F7C8 /* AliahanTownHouseSceneButtonAOpening.swift in Sources */ = {isa = PBXBuildFile; fileRef = AA4E9F892709C14800D4F7C8 /* AliahanTownHouseSceneButtonAOpening.swift */; };
		AA4E9F962709C17400D4F7C8 /* DQStory.swift in Sources */ = {isa = PBXBuildFile; fileRef = AA4E9F952709C17400D4F7C8 /* DQStory.swift */; };
		AA4E9F9A2709C1F200D4F7C8 /* AliahanTown.swift in Sources */ = {isa = PBXBuildFile; fileRef = AA4E9F982709C1F200D4F7C8 /* AliahanTown.swift */; };
		AA4E9F9B2709C1F200D4F7C8 /* AliahanTownHouse.swift in Sources */ = {isa = PBXBuildFile; fileRef = AA4E9F992709C1F200D4F7C8 /* AliahanTownHouse.swift */; };
		AA4E9FA92709C67F00D4F7C8 /* aliahan_town_inside.csv in Resources */ = {isa = PBXBuildFile; fileRef = AA4E9F9D2709C67E00D4F7C8 /* aliahan_town_inside.csv */; };
		AA4E9FAA2709C67F00D4F7C8 /* AliahanTownSceneCheckCanMove.swift in Sources */ = {isa = PBXBuildFile; fileRef = AA4E9F9E2709C67E00D4F7C8 /* AliahanTownSceneCheckCanMove.swift */; };
		AA4E9FAB2709C67F00D4F7C8 /* AliahanTownScene.swift in Sources */ = {isa = PBXBuildFile; fileRef = AA4E9F9F2709C67E00D4F7C8 /* AliahanTownScene.swift */; };
		AA4E9FAC2709C67F00D4F7C8 /* AliahanTownSceneCheckPosition.swift in Sources */ = {isa = PBXBuildFile; fileRef = AA4E9FA02709C67E00D4F7C8 /* AliahanTownSceneCheckPosition.swift */; };
		AA4E9FAD2709C67F00D4F7C8 /* AliahanTownScenePartyCharacters.swift in Sources */ = {isa = PBXBuildFile; fileRef = AA4E9FA12709C67E00D4F7C8 /* AliahanTownScenePartyCharacters.swift */; };
		AA4E9FAE2709C67F00D4F7C8 /* aliahan_town.csv in Resources */ = {isa = PBXBuildFile; fileRef = AA4E9FA22709C67E00D4F7C8 /* aliahan_town.csv */; };
		AA4E9FB02709C67F00D4F7C8 /* AliahanTownSceneEvent.swift in Sources */ = {isa = PBXBuildFile; fileRef = AA4E9FA42709C67E00D4F7C8 /* AliahanTownSceneEvent.swift */; };
		AA4E9FB12709C67F00D4F7C8 /* AliahanTownSceneNpcCharacters.swift in Sources */ = {isa = PBXBuildFile; fileRef = AA4E9FA52709C67E00D4F7C8 /* AliahanTownSceneNpcCharacters.swift */; };
		AA4E9FB22709C67F00D4F7C8 /* AliahanTownSceneButtonAOpening.swift in Sources */ = {isa = PBXBuildFile; fileRef = AA4E9FA62709C67E00D4F7C8 /* AliahanTownSceneButtonAOpening.swift */; };
		AA4E9FB32709C67F00D4F7C8 /* AliahanTownSceneButton.swift in Sources */ = {isa = PBXBuildFile; fileRef = AA4E9FA72709C67E00D4F7C8 /* AliahanTownSceneButton.swift */; };
		AA4E9FB6270A93D300D4F7C8 /* CharacterAnimation.swift in Sources */ = {isa = PBXBuildFile; fileRef = AA4E9FB5270A93D300D4F7C8 /* CharacterAnimation.swift */; };
		AA4E9FB8270A993D00D4F7C8 /* DataManager.swift in Sources */ = {isa = PBXBuildFile; fileRef = AA4E9FB7270A993D00D4F7C8 /* DataManager.swift */; };
		AA4E9FBD270A996000D4F7C8 /* AdventureLog.swift in Sources */ = {isa = PBXBuildFile; fileRef = AA4E9FBA270A996000D4F7C8 /* AdventureLog.swift */; };
		AA4E9FC5270A99E600D4F7C8 /* CharacterNodePosition.swift in Sources */ = {isa = PBXBuildFile; fileRef = AA4E9FC1270A99E600D4F7C8 /* CharacterNodePosition.swift */; };
		AA4E9FC6270A99E600D4F7C8 /* CharacterNode.swift in Sources */ = {isa = PBXBuildFile; fileRef = AA4E9FC2270A99E600D4F7C8 /* CharacterNode.swift */; };
		AA4E9FC7270A99E600D4F7C8 /* CharacterNodeMove.swift in Sources */ = {isa = PBXBuildFile; fileRef = AA4E9FC3270A99E600D4F7C8 /* CharacterNodeMove.swift */; };
		AA4E9FC8270A99E600D4F7C8 /* CharacterNodeDirection.swift in Sources */ = {isa = PBXBuildFile; fileRef = AA4E9FC4270A99E600D4F7C8 /* CharacterNodeDirection.swift */; };
		AA4E9FCA270A9B4300D4F7C8 /* BaseMapSceneUpdateProcess.swift in Sources */ = {isa = PBXBuildFile; fileRef = AA4E9FC9270A9B4300D4F7C8 /* BaseMapSceneUpdateProcess.swift */; };
		AA4E9FCF270ACE3F00D4F7C8 /* DQMapSceneButtonB.swift in Sources */ = {isa = PBXBuildFile; fileRef = AA4E9FCC270ACE3F00D4F7C8 /* DQMapSceneButtonB.swift */; };
		AA4E9FD0270ACE3F00D4F7C8 /* DQMapScene.swift in Sources */ = {isa = PBXBuildFile; fileRef = AA4E9FCD270ACE3F00D4F7C8 /* DQMapScene.swift */; };
		AA4E9FD1270ACE3F00D4F7C8 /* DQMapSceneButtonA.swift in Sources */ = {isa = PBXBuildFile; fileRef = AA4E9FCE270ACE3F00D4F7C8 /* DQMapSceneButtonA.swift */; };
		AA4E9FDC270ACF4900D4F7C8 /* BaseMapSceneDQMapScene.swift in Sources */ = {isa = PBXBuildFile; fileRef = AA4E9FDB270ACF4900D4F7C8 /* BaseMapSceneDQMapScene.swift */; };
		AA4E9FDE270ACF5300D4F7C8 /* BaseMapSceneStick.swift in Sources */ = {isa = PBXBuildFile; fileRef = AA4E9FDD270ACF5300D4F7C8 /* BaseMapSceneStick.swift */; };
		AA4E9FE0270ACF6700D4F7C8 /* BaseMapSceneUpdate.swift in Sources */ = {isa = PBXBuildFile; fileRef = AA4E9FDF270ACF6700D4F7C8 /* BaseMapSceneUpdate.swift */; };
		AA4E9FE4270ACF8700D4F7C8 /* BaseMapSceneTransitionToMap.swift in Sources */ = {isa = PBXBuildFile; fileRef = AA4E9FE2270ACF8700D4F7C8 /* BaseMapSceneTransitionToMap.swift */; };
		AA4E9FE5270ACF8700D4F7C8 /* BaseMapSceneTransitionToMapWithStairs.swift in Sources */ = {isa = PBXBuildFile; fileRef = AA4E9FE3270ACF8700D4F7C8 /* BaseMapSceneTransitionToMapWithStairs.swift */; };
		AA4E9FE7270AD0E500D4F7C8 /* DQSceneType.swift in Sources */ = {isa = PBXBuildFile; fileRef = AA4E9FE6270AD0E500D4F7C8 /* DQSceneType.swift */; };
		AA4E9FE9270AD1FC00D4F7C8 /* Typealiases.swift in Sources */ = {isa = PBXBuildFile; fileRef = AA4E9FE8270AD1FC00D4F7C8 /* Typealiases.swift */; };
/* End PBXBuildFile section */

/* Begin PBXContainerItemProxy section */
		AA4E9EDF2709B7F400D4F7C8 /* PBXContainerItemProxy */ = {
			isa = PBXContainerItemProxy;
			containerPortal = AA4E9EC62709B7F300D4F7C8 /* Project object */;
			proxyType = 1;
			remoteGlobalIDString = AA4E9ECD2709B7F300D4F7C8;
			remoteInfo = DQ3;
		};
		AA4E9EE92709B7F400D4F7C8 /* PBXContainerItemProxy */ = {
			isa = PBXContainerItemProxy;
			containerPortal = AA4E9EC62709B7F300D4F7C8 /* Project object */;
			proxyType = 1;
			remoteGlobalIDString = AA4E9ECD2709B7F300D4F7C8;
			remoteInfo = DQ3;
		};
/* End PBXContainerItemProxy section */

/* Begin PBXFileReference section */
		AA4E9ECE2709B7F300D4F7C8 /* DQ3.app */ = {isa = PBXFileReference; explicitFileType = wrapper.application; includeInIndex = 0; path = DQ3.app; sourceTree = BUILT_PRODUCTS_DIR; };
		AA4E9ED12709B7F300D4F7C8 /* DQ3App.swift */ = {isa = PBXFileReference; lastKnownFileType = sourcecode.swift; path = DQ3App.swift; sourceTree = "<group>"; };
		AA4E9ED32709B7F300D4F7C8 /* ContentView.swift */ = {isa = PBXFileReference; lastKnownFileType = sourcecode.swift; path = ContentView.swift; sourceTree = "<group>"; };
		AA4E9ED52709B7F400D4F7C8 /* Assets.xcassets */ = {isa = PBXFileReference; lastKnownFileType = folder.assetcatalog; path = Assets.xcassets; sourceTree = "<group>"; };
		AA4E9ED82709B7F400D4F7C8 /* Preview Assets.xcassets */ = {isa = PBXFileReference; lastKnownFileType = folder.assetcatalog; path = "Preview Assets.xcassets"; sourceTree = "<group>"; };
		AA4E9EDE2709B7F400D4F7C8 /* DQ3Tests.xctest */ = {isa = PBXFileReference; explicitFileType = wrapper.cfbundle; includeInIndex = 0; path = DQ3Tests.xctest; sourceTree = BUILT_PRODUCTS_DIR; };
		AA4E9EE22709B7F400D4F7C8 /* DQ3Tests.swift */ = {isa = PBXFileReference; lastKnownFileType = sourcecode.swift; path = DQ3Tests.swift; sourceTree = "<group>"; };
		AA4E9EE82709B7F400D4F7C8 /* DQ3UITests.xctest */ = {isa = PBXFileReference; explicitFileType = wrapper.cfbundle; includeInIndex = 0; path = DQ3UITests.xctest; sourceTree = BUILT_PRODUCTS_DIR; };
		AA4E9EEC2709B7F400D4F7C8 /* DQ3UITests.swift */ = {isa = PBXFileReference; lastKnownFileType = sourcecode.swift; path = DQ3UITests.swift; sourceTree = "<group>"; };
		AA4E9EEE2709B7F400D4F7C8 /* DQ3UITestsLaunchTests.swift */ = {isa = PBXFileReference; lastKnownFileType = sourcecode.swift; path = DQ3UITestsLaunchTests.swift; sourceTree = "<group>"; };
		AA4E9EFE2709BA3700D4F7C8 /* battle.mp3 */ = {isa = PBXFileReference; lastKnownFileType = audio.mp3; path = battle.mp3; sourceTree = "<group>"; };
		AA4E9EFF2709BA3700D4F7C8 /* town.mp3 */ = {isa = PBXFileReference; lastKnownFileType = audio.mp3; path = town.mp3; sourceTree = "<group>"; };
		AA4E9F002709BA3700D4F7C8 /* field.mp3 */ = {isa = PBXFileReference; lastKnownFileType = audio.mp3; path = field.mp3; sourceTree = "<group>"; };
		AA4E9F012709BA3700D4F7C8 /* alefgard.mp3 */ = {isa = PBXFileReference; lastKnownFileType = audio.mp3; path = alefgard.mp3; sourceTree = "<group>"; };
		AA4E9F022709BA3700D4F7C8 /* ramia.mp3 */ = {isa = PBXFileReference; lastKnownFileType = audio.mp3; path = ramia.mp3; sourceTree = "<group>"; };
		AA4E9F032709BA3800D4F7C8 /* castle.mp3 */ = {isa = PBXFileReference; lastKnownFileType = audio.mp3; path = castle.mp3; sourceTree = "<group>"; };
		AA4E9F042709BA3800D4F7C8 /* ship.mp3 */ = {isa = PBXFileReference; lastKnownFileType = audio.mp3; path = ship.mp3; sourceTree = "<group>"; };
		AA4E9F0C2709BA4000D4F7C8 /* command.mp3 */ = {isa = PBXFileReference; lastKnownFileType = audio.mp3; path = command.mp3; sourceTree = "<group>"; };
		AA4E9F0D2709BA4000D4F7C8 /* spell.mp3 */ = {isa = PBXFileReference; lastKnownFileType = audio.mp3; path = spell.mp3; sourceTree = "<group>"; };
		AA4E9F0E2709BA4000D4F7C8 /* rest.mp3 */ = {isa = PBXFileReference; lastKnownFileType = audio.mp3; path = rest.mp3; sourceTree = "<group>"; };
		AA4E9F0F2709BA4000D4F7C8 /* stairs.mp3 */ = {isa = PBXFileReference; lastKnownFileType = audio.mp3; path = stairs.mp3; sourceTree = "<group>"; };
		AA4E9F102709BA4000D4F7C8 /* win.mp3 */ = {isa = PBXFileReference; lastKnownFileType = audio.mp3; path = win.mp3; sourceTree = "<group>"; };
		AA4E9F112709BA4000D4F7C8 /* message.mp3 */ = {isa = PBXFileReference; lastKnownFileType = audio.mp3; path = message.mp3; sourceTree = "<group>"; };
		AA4E9F1C2709BC2300D4F7C8 /* TitleScene.swift */ = {isa = PBXFileReference; fileEncoding = 4; lastKnownFileType = sourcecode.swift; path = TitleScene.swift; sourceTree = "<group>"; };
		AA4E9F1F2709BC6600D4F7C8 /* Constant.swift */ = {isa = PBXFileReference; fileEncoding = 4; lastKnownFileType = sourcecode.swift; path = Constant.swift; sourceTree = "<group>"; };
		AA4E9F222709BD4300D4F7C8 /* AdventureLogSceneButton.swift */ = {isa = PBXFileReference; fileEncoding = 4; lastKnownFileType = sourcecode.swift; path = AdventureLogSceneButton.swift; sourceTree = "<group>"; };
		AA4E9F232709BD4300D4F7C8 /* AdventureLogSceneProcessing.swift */ = {isa = PBXFileReference; fileEncoding = 4; lastKnownFileType = sourcecode.swift; path = AdventureLogSceneProcessing.swift; sourceTree = "<group>"; };
		AA4E9F242709BD4300D4F7C8 /* AdventureLogScene.swift */ = {isa = PBXFileReference; fileEncoding = 4; lastKnownFileType = sourcecode.swift; path = AdventureLogScene.swift; sourceTree = "<group>"; };
		AA4E9F292709BD6900D4F7C8 /* AdventureLogTopWindowNodeButtonA.swift */ = {isa = PBXFileReference; fileEncoding = 4; lastKnownFileType = sourcecode.swift; path = AdventureLogTopWindowNodeButtonA.swift; sourceTree = "<group>"; };
		AA4E9F2A2709BD6900D4F7C8 /* AdventureLogTopWindowNode.swift */ = {isa = PBXFileReference; fileEncoding = 4; lastKnownFileType = sourcecode.swift; path = AdventureLogTopWindowNode.swift; sourceTree = "<group>"; };
		AA4E9F2E2709BD9400D4F7C8 /* BaseScene.swift */ = {isa = PBXFileReference; fileEncoding = 4; lastKnownFileType = sourcecode.swift; path = BaseScene.swift; sourceTree = "<group>"; };
		AA4E9F2F2709BD9400D4F7C8 /* BaseSceneVirtualPad.swift */ = {isa = PBXFileReference; fileEncoding = 4; lastKnownFileType = sourcecode.swift; path = BaseSceneVirtualPad.swift; sourceTree = "<group>"; };
		AA4E9F332709BDC000D4F7C8 /* ButtonOverlay.swift */ = {isa = PBXFileReference; fileEncoding = 4; lastKnownFileType = sourcecode.swift; path = ButtonOverlay.swift; sourceTree = "<group>"; };
		AA4E9F342709BDC000D4F7C8 /* PadOverlay.swift */ = {isa = PBXFileReference; fileEncoding = 4; lastKnownFileType = sourcecode.swift; path = PadOverlay.swift; sourceTree = "<group>"; };
		AA4E9F372709BDE700D4F7C8 /* Direction.swift */ = {isa = PBXFileReference; fileEncoding = 4; lastKnownFileType = sourcecode.swift; path = Direction.swift; sourceTree = "<group>"; };
		AA4E9F3A2709BE1300D4F7C8 /* Triangle.swift */ = {isa = PBXFileReference; fileEncoding = 4; lastKnownFileType = sourcecode.swift; path = Triangle.swift; sourceTree = "<group>"; };
		AA4E9F3B2709BE1300D4F7C8 /* Window2.swift */ = {isa = PBXFileReference; fileEncoding = 4; lastKnownFileType = sourcecode.swift; path = Window2.swift; sourceTree = "<group>"; };
		AA4E9F3C2709BE1300D4F7C8 /* Words.swift */ = {isa = PBXFileReference; fileEncoding = 4; lastKnownFileType = sourcecode.swift; path = Words.swift; sourceTree = "<group>"; };
		AA4E9F3D2709BE1400D4F7C8 /* Window.swift */ = {isa = PBXFileReference; fileEncoding = 4; lastKnownFileType = sourcecode.swift; path = Window.swift; sourceTree = "<group>"; };
		AA4E9F442709BE4E00D4F7C8 /* DQFontLittleDashes.swift */ = {isa = PBXFileReference; fileEncoding = 4; lastKnownFileType = sourcecode.swift; path = DQFontLittleDashes.swift; sourceTree = "<group>"; };
		AA4E9F452709BE4E00D4F7C8 /* DQFont.swift */ = {isa = PBXFileReference; fileEncoding = 4; lastKnownFileType = sourcecode.swift; path = DQFont.swift; sourceTree = "<group>"; };
		AA4E9F462709BE4E00D4F7C8 /* DQFontCheck.swift */ = {isa = PBXFileReference; fileEncoding = 4; lastKnownFileType = sourcecode.swift; path = DQFontCheck.swift; sourceTree = "<group>"; };
		AA4E9F472709BE4E00D4F7C8 /* DQFontLittleCircle.swift */ = {isa = PBXFileReference; fileEncoding = 4; lastKnownFileType = sourcecode.swift; path = DQFontLittleCircle.swift; sourceTree = "<group>"; };
		AA4E9F482709BE4E00D4F7C8 /* DQFontNormal.swift */ = {isa = PBXFileReference; fileEncoding = 4; lastKnownFileType = sourcecode.swift; path = DQFontNormal.swift; sourceTree = "<group>"; };
		AA4E9F4F2709BE7900D4F7C8 /* SoundEffectManager.swift */ = {isa = PBXFileReference; fileEncoding = 4; lastKnownFileType = sourcecode.swift; path = SoundEffectManager.swift; sourceTree = "<group>"; };
		AA4E9F502709BE7900D4F7C8 /* AudioManager.swift */ = {isa = PBXFileReference; fileEncoding = 4; lastKnownFileType = sourcecode.swift; path = AudioManager.swift; sourceTree = "<group>"; };
		AA4E9F532709BE9500D4F7C8 /* DQAudio.swift */ = {isa = PBXFileReference; fileEncoding = 4; lastKnownFileType = sourcecode.swift; path = DQAudio.swift; sourceTree = "<group>"; };
		AA4E9F552709BEC400D4F7C8 /* DebugOption.swift */ = {isa = PBXFileReference; fileEncoding = 4; lastKnownFileType = sourcecode.swift; path = DebugOption.swift; sourceTree = "<group>"; };
		AA4E9F572709BED500D4F7C8 /* ZPosition.swift */ = {isa = PBXFileReference; fileEncoding = 4; lastKnownFileType = sourcecode.swift; path = ZPosition.swift; sourceTree = "<group>"; };
		AA4E9F5A2709BF7E00D4F7C8 /* OpeningScene.swift */ = {isa = PBXFileReference; fileEncoding = 4; lastKnownFileType = sourcecode.swift; path = OpeningScene.swift; sourceTree = "<group>"; };
		AA4E9F5B2709BF7E00D4F7C8 /* OpeningSceneButton.swift */ = {isa = PBXFileReference; fileEncoding = 4; lastKnownFileType = sourcecode.swift; path = OpeningSceneButton.swift; sourceTree = "<group>"; };
		AA4E9F622709BFF100D4F7C8 /* BaseMapSceneCharacterNpc.swift */ = {isa = PBXFileReference; fileEncoding = 4; lastKnownFileType = sourcecode.swift; path = BaseMapSceneCharacterNpc.swift; sourceTree = "<group>"; };
		AA4E9F632709BFF100D4F7C8 /* BaseMapSceneTileMap.swift */ = {isa = PBXFileReference; fileEncoding = 4; lastKnownFileType = sourcecode.swift; path = BaseMapSceneTileMap.swift; sourceTree = "<group>"; };
		AA4E9F642709BFF100D4F7C8 /* BaseMapSceneButton.swift */ = {isa = PBXFileReference; fileEncoding = 4; lastKnownFileType = sourcecode.swift; path = BaseMapSceneButton.swift; sourceTree = "<group>"; };
		AA4E9F652709BFF100D4F7C8 /* BaseMapSceneCharacter.swift */ = {isa = PBXFileReference; fileEncoding = 4; lastKnownFileType = sourcecode.swift; path = BaseMapSceneCharacter.swift; sourceTree = "<group>"; };
		AA4E9F662709BFF100D4F7C8 /* BaseMapSceneCharacterHero.swift */ = {isa = PBXFileReference; fileEncoding = 4; lastKnownFileType = sourcecode.swift; path = BaseMapSceneCharacterHero.swift; sourceTree = "<group>"; };
		AA4E9F682709BFF100D4F7C8 /* BaseMapScene.swift */ = {isa = PBXFileReference; fileEncoding = 4; lastKnownFileType = sourcecode.swift; path = BaseMapScene.swift; sourceTree = "<group>"; };
		AA4E9F722709C01F00D4F7C8 /* MapMessageWindowNodeLine.swift */ = {isa = PBXFileReference; fileEncoding = 4; lastKnownFileType = sourcecode.swift; path = MapMessageWindowNodeLine.swift; sourceTree = "<group>"; };
		AA4E9F732709C01F00D4F7C8 /* MapMessageWindowNode.swift */ = {isa = PBXFileReference; fileEncoding = 4; lastKnownFileType = sourcecode.swift; path = MapMessageWindowNode.swift; sourceTree = "<group>"; };
		AA4E9F742709C01F00D4F7C8 /* MapMessageWindowNodeShow.swift */ = {isa = PBXFileReference; fileEncoding = 4; lastKnownFileType = sourcecode.swift; path = MapMessageWindowNodeShow.swift; sourceTree = "<group>"; };
		AA4E9F752709C02000D4F7C8 /* MapMessageWindowNodeShowAll.swift */ = {isa = PBXFileReference; fileEncoding = 4; lastKnownFileType = sourcecode.swift; path = MapMessageWindowNodeShowAll.swift; sourceTree = "<group>"; };
		AA4E9F7A2709C0BA00D4F7C8 /* DQCharacter.swift */ = {isa = PBXFileReference; fileEncoding = 4; lastKnownFileType = sourcecode.swift; path = DQCharacter.swift; sourceTree = "<group>"; };
		AA4E9F7C2709C0D700D4F7C8 /* DQVocation.swift */ = {isa = PBXFileReference; fileEncoding = 4; lastKnownFileType = sourcecode.swift; path = DQVocation.swift; sourceTree = "<group>"; };
		AA4E9F7F2709C14800D4F7C8 /* AliahanTownHouseScene.swift */ = {isa = PBXFileReference; fileEncoding = 4; lastKnownFileType = sourcecode.swift; path = AliahanTownHouseScene.swift; sourceTree = "<group>"; };
		AA4E9F802709C14800D4F7C8 /* aliahan_town_house.csv */ = {isa = PBXFileReference; fileEncoding = 4; lastKnownFileType = text; path = aliahan_town_house.csv; sourceTree = "<group>"; };
		AA4E9F812709C14800D4F7C8 /* AliahanTownHouseSceneCheckCanMove.swift */ = {isa = PBXFileReference; fileEncoding = 4; lastKnownFileType = sourcecode.swift; path = AliahanTownHouseSceneCheckCanMove.swift; sourceTree = "<group>"; };
		AA4E9F832709C14800D4F7C8 /* AliahanTownHouseSceneButton.swift */ = {isa = PBXFileReference; fileEncoding = 4; lastKnownFileType = sourcecode.swift; path = AliahanTownHouseSceneButton.swift; sourceTree = "<group>"; };
		AA4E9F842709C14800D4F7C8 /* AliahanTownHouseSceneEvent.swift */ = {isa = PBXFileReference; fileEncoding = 4; lastKnownFileType = sourcecode.swift; path = AliahanTownHouseSceneEvent.swift; sourceTree = "<group>"; };
		AA4E9F852709C14800D4F7C8 /* AliahanTownHouseScenePartyCharacters.swift */ = {isa = PBXFileReference; fileEncoding = 4; lastKnownFileType = sourcecode.swift; path = AliahanTownHouseScenePartyCharacters.swift; sourceTree = "<group>"; };
		AA4E9F862709C14800D4F7C8 /* AliahanTownHouseSceneNpcCharacters.swift */ = {isa = PBXFileReference; fileEncoding = 4; lastKnownFileType = sourcecode.swift; path = AliahanTownHouseSceneNpcCharacters.swift; sourceTree = "<group>"; };
		AA4E9F882709C14800D4F7C8 /* AliahanTownHouseSceneCheckPosition.swift */ = {isa = PBXFileReference; fileEncoding = 4; lastKnownFileType = sourcecode.swift; path = AliahanTownHouseSceneCheckPosition.swift; sourceTree = "<group>"; };
		AA4E9F892709C14800D4F7C8 /* AliahanTownHouseSceneButtonAOpening.swift */ = {isa = PBXFileReference; fileEncoding = 4; lastKnownFileType = sourcecode.swift; path = AliahanTownHouseSceneButtonAOpening.swift; sourceTree = "<group>"; };
		AA4E9F952709C17400D4F7C8 /* DQStory.swift */ = {isa = PBXFileReference; fileEncoding = 4; lastKnownFileType = sourcecode.swift; path = DQStory.swift; sourceTree = "<group>"; };
		AA4E9F982709C1F200D4F7C8 /* AliahanTown.swift */ = {isa = PBXFileReference; fileEncoding = 4; lastKnownFileType = sourcecode.swift; path = AliahanTown.swift; sourceTree = "<group>"; };
		AA4E9F992709C1F200D4F7C8 /* AliahanTownHouse.swift */ = {isa = PBXFileReference; fileEncoding = 4; lastKnownFileType = sourcecode.swift; path = AliahanTownHouse.swift; sourceTree = "<group>"; };
		AA4E9F9D2709C67E00D4F7C8 /* aliahan_town_inside.csv */ = {isa = PBXFileReference; fileEncoding = 4; lastKnownFileType = text; path = aliahan_town_inside.csv; sourceTree = "<group>"; };
		AA4E9F9E2709C67E00D4F7C8 /* AliahanTownSceneCheckCanMove.swift */ = {isa = PBXFileReference; fileEncoding = 4; lastKnownFileType = sourcecode.swift; path = AliahanTownSceneCheckCanMove.swift; sourceTree = "<group>"; };
		AA4E9F9F2709C67E00D4F7C8 /* AliahanTownScene.swift */ = {isa = PBXFileReference; fileEncoding = 4; lastKnownFileType = sourcecode.swift; path = AliahanTownScene.swift; sourceTree = "<group>"; };
		AA4E9FA02709C67E00D4F7C8 /* AliahanTownSceneCheckPosition.swift */ = {isa = PBXFileReference; fileEncoding = 4; lastKnownFileType = sourcecode.swift; path = AliahanTownSceneCheckPosition.swift; sourceTree = "<group>"; };
		AA4E9FA12709C67E00D4F7C8 /* AliahanTownScenePartyCharacters.swift */ = {isa = PBXFileReference; fileEncoding = 4; lastKnownFileType = sourcecode.swift; path = AliahanTownScenePartyCharacters.swift; sourceTree = "<group>"; };
		AA4E9FA22709C67E00D4F7C8 /* aliahan_town.csv */ = {isa = PBXFileReference; fileEncoding = 4; lastKnownFileType = text; path = aliahan_town.csv; sourceTree = "<group>"; };
		AA4E9FA42709C67E00D4F7C8 /* AliahanTownSceneEvent.swift */ = {isa = PBXFileReference; fileEncoding = 4; lastKnownFileType = sourcecode.swift; path = AliahanTownSceneEvent.swift; sourceTree = "<group>"; };
		AA4E9FA52709C67E00D4F7C8 /* AliahanTownSceneNpcCharacters.swift */ = {isa = PBXFileReference; fileEncoding = 4; lastKnownFileType = sourcecode.swift; path = AliahanTownSceneNpcCharacters.swift; sourceTree = "<group>"; };
		AA4E9FA62709C67E00D4F7C8 /* AliahanTownSceneButtonAOpening.swift */ = {isa = PBXFileReference; fileEncoding = 4; lastKnownFileType = sourcecode.swift; path = AliahanTownSceneButtonAOpening.swift; sourceTree = "<group>"; };
		AA4E9FA72709C67E00D4F7C8 /* AliahanTownSceneButton.swift */ = {isa = PBXFileReference; fileEncoding = 4; lastKnownFileType = sourcecode.swift; path = AliahanTownSceneButton.swift; sourceTree = "<group>"; };
		AA4E9FB5270A93D300D4F7C8 /* CharacterAnimation.swift */ = {isa = PBXFileReference; fileEncoding = 4; lastKnownFileType = sourcecode.swift; path = CharacterAnimation.swift; sourceTree = "<group>"; };
		AA4E9FB7270A993D00D4F7C8 /* DataManager.swift */ = {isa = PBXFileReference; fileEncoding = 4; lastKnownFileType = sourcecode.swift; path = DataManager.swift; sourceTree = "<group>"; };
		AA4E9FBA270A996000D4F7C8 /* AdventureLog.swift */ = {isa = PBXFileReference; fileEncoding = 4; lastKnownFileType = sourcecode.swift; path = AdventureLog.swift; sourceTree = "<group>"; };
		AA4E9FC1270A99E600D4F7C8 /* CharacterNodePosition.swift */ = {isa = PBXFileReference; fileEncoding = 4; lastKnownFileType = sourcecode.swift; path = CharacterNodePosition.swift; sourceTree = "<group>"; };
		AA4E9FC2270A99E600D4F7C8 /* CharacterNode.swift */ = {isa = PBXFileReference; fileEncoding = 4; lastKnownFileType = sourcecode.swift; path = CharacterNode.swift; sourceTree = "<group>"; };
		AA4E9FC3270A99E600D4F7C8 /* CharacterNodeMove.swift */ = {isa = PBXFileReference; fileEncoding = 4; lastKnownFileType = sourcecode.swift; path = CharacterNodeMove.swift; sourceTree = "<group>"; };
		AA4E9FC4270A99E600D4F7C8 /* CharacterNodeDirection.swift */ = {isa = PBXFileReference; fileEncoding = 4; lastKnownFileType = sourcecode.swift; path = CharacterNodeDirection.swift; sourceTree = "<group>"; };
		AA4E9FC9270A9B4300D4F7C8 /* BaseMapSceneUpdateProcess.swift */ = {isa = PBXFileReference; fileEncoding = 4; lastKnownFileType = sourcecode.swift; path = BaseMapSceneUpdateProcess.swift; sourceTree = "<group>"; };
		AA4E9FCC270ACE3F00D4F7C8 /* DQMapSceneButtonB.swift */ = {isa = PBXFileReference; fileEncoding = 4; lastKnownFileType = sourcecode.swift; path = DQMapSceneButtonB.swift; sourceTree = "<group>"; };
		AA4E9FCD270ACE3F00D4F7C8 /* DQMapScene.swift */ = {isa = PBXFileReference; fileEncoding = 4; lastKnownFileType = sourcecode.swift; path = DQMapScene.swift; sourceTree = "<group>"; };
		AA4E9FCE270ACE3F00D4F7C8 /* DQMapSceneButtonA.swift */ = {isa = PBXFileReference; fileEncoding = 4; lastKnownFileType = sourcecode.swift; path = DQMapSceneButtonA.swift; sourceTree = "<group>"; };
		AA4E9FDB270ACF4900D4F7C8 /* BaseMapSceneDQMapScene.swift */ = {isa = PBXFileReference; fileEncoding = 4; lastKnownFileType = sourcecode.swift; path = BaseMapSceneDQMapScene.swift; sourceTree = "<group>"; };
		AA4E9FDD270ACF5300D4F7C8 /* BaseMapSceneStick.swift */ = {isa = PBXFileReference; fileEncoding = 4; lastKnownFileType = sourcecode.swift; path = BaseMapSceneStick.swift; sourceTree = "<group>"; };
		AA4E9FDF270ACF6700D4F7C8 /* BaseMapSceneUpdate.swift */ = {isa = PBXFileReference; fileEncoding = 4; lastKnownFileType = sourcecode.swift; path = BaseMapSceneUpdate.swift; sourceTree = "<group>"; };
		AA4E9FE2270ACF8700D4F7C8 /* BaseMapSceneTransitionToMap.swift */ = {isa = PBXFileReference; fileEncoding = 4; lastKnownFileType = sourcecode.swift; path = BaseMapSceneTransitionToMap.swift; sourceTree = "<group>"; };
		AA4E9FE3270ACF8700D4F7C8 /* BaseMapSceneTransitionToMapWithStairs.swift */ = {isa = PBXFileReference; fileEncoding = 4; lastKnownFileType = sourcecode.swift; path = BaseMapSceneTransitionToMapWithStairs.swift; sourceTree = "<group>"; };
		AA4E9FE6270AD0E500D4F7C8 /* DQSceneType.swift */ = {isa = PBXFileReference; fileEncoding = 4; lastKnownFileType = sourcecode.swift; path = DQSceneType.swift; sourceTree = "<group>"; };
		AA4E9FE8270AD1FC00D4F7C8 /* Typealiases.swift */ = {isa = PBXFileReference; fileEncoding = 4; lastKnownFileType = sourcecode.swift; path = Typealiases.swift; sourceTree = "<group>"; };
/* End PBXFileReference section */

/* Begin PBXFrameworksBuildPhase section */
		AA4E9ECB2709B7F300D4F7C8 /* Frameworks */ = {
			isa = PBXFrameworksBuildPhase;
			buildActionMask = 2147483647;
			files = (
			);
			runOnlyForDeploymentPostprocessing = 0;
		};
		AA4E9EDB2709B7F400D4F7C8 /* Frameworks */ = {
			isa = PBXFrameworksBuildPhase;
			buildActionMask = 2147483647;
			files = (
			);
			runOnlyForDeploymentPostprocessing = 0;
		};
		AA4E9EE52709B7F400D4F7C8 /* Frameworks */ = {
			isa = PBXFrameworksBuildPhase;
			buildActionMask = 2147483647;
			files = (
			);
			runOnlyForDeploymentPostprocessing = 0;
		};
/* End PBXFrameworksBuildPhase section */

/* Begin PBXGroup section */
		AA4E9EC52709B7F300D4F7C8 = {
			isa = PBXGroup;
			children = (
				AA4E9ED02709B7F300D4F7C8 /* DQ3 */,
				AA4E9EE12709B7F400D4F7C8 /* DQ3Tests */,
				AA4E9EEB2709B7F400D4F7C8 /* DQ3UITests */,
				AA4E9ECF2709B7F300D4F7C8 /* Products */,
			);
			sourceTree = "<group>";
		};
		AA4E9ECF2709B7F300D4F7C8 /* Products */ = {
			isa = PBXGroup;
			children = (
				AA4E9ECE2709B7F300D4F7C8 /* DQ3.app */,
				AA4E9EDE2709B7F400D4F7C8 /* DQ3Tests.xctest */,
				AA4E9EE82709B7F400D4F7C8 /* DQ3UITests.xctest */,
			);
			name = Products;
			sourceTree = "<group>";
		};
		AA4E9ED02709B7F300D4F7C8 /* DQ3 */ = {
			isa = PBXGroup;
			children = (
				AA4E9F182709BB8500D4F7C8 /* App */,
				AA4E9F1A2709BBA600D4F7C8 /* Views */,
				AA4E9F4E2709BE6500D4F7C8 /* Managers */,
				AA4E9F192709BB8C00D4F7C8 /* Scenes */,
				AA4E9F422709BE2D00D4F7C8 /* Classes */,
				AA4E9F322709BDB100D4F7C8 /* Nodes */,
				AA4E9F392709BE0200D4F7C8 /* Functions */,
				AA4E9F1E2709BC5200D4F7C8 /* Constants */,
				AA4E9EFB2709BA0E00D4F7C8 /* mp3 */,
				AA4E9ED52709B7F400D4F7C8 /* Assets.xcassets */,
				AA4E9ED72709B7F400D4F7C8 /* Preview Content */,
			);
			path = DQ3;
			sourceTree = "<group>";
		};
		AA4E9ED72709B7F400D4F7C8 /* Preview Content */ = {
			isa = PBXGroup;
			children = (
				AA4E9ED82709B7F400D4F7C8 /* Preview Assets.xcassets */,
			);
			path = "Preview Content";
			sourceTree = "<group>";
		};
		AA4E9EE12709B7F400D4F7C8 /* DQ3Tests */ = {
			isa = PBXGroup;
			children = (
				AA4E9EE22709B7F400D4F7C8 /* DQ3Tests.swift */,
			);
			path = DQ3Tests;
			sourceTree = "<group>";
		};
		AA4E9EEB2709B7F400D4F7C8 /* DQ3UITests */ = {
			isa = PBXGroup;
			children = (
				AA4E9EEC2709B7F400D4F7C8 /* DQ3UITests.swift */,
				AA4E9EEE2709B7F400D4F7C8 /* DQ3UITestsLaunchTests.swift */,
			);
			path = DQ3UITests;
			sourceTree = "<group>";
		};
		AA4E9EFB2709BA0E00D4F7C8 /* mp3 */ = {
			isa = PBXGroup;
			children = (
				AA4E9EFC2709BA2200D4F7C8 /* bgm */,
				AA4E9EFD2709BA2700D4F7C8 /* se */,
			);
			path = mp3;
			sourceTree = "<group>";
		};
		AA4E9EFC2709BA2200D4F7C8 /* bgm */ = {
			isa = PBXGroup;
			children = (
				AA4E9F012709BA3700D4F7C8 /* alefgard.mp3 */,
				AA4E9EFE2709BA3700D4F7C8 /* battle.mp3 */,
				AA4E9F032709BA3800D4F7C8 /* castle.mp3 */,
				AA4E9F002709BA3700D4F7C8 /* field.mp3 */,
				AA4E9F022709BA3700D4F7C8 /* ramia.mp3 */,
				AA4E9F042709BA3800D4F7C8 /* ship.mp3 */,
				AA4E9EFF2709BA3700D4F7C8 /* town.mp3 */,
			);
			path = bgm;
			sourceTree = "<group>";
		};
		AA4E9EFD2709BA2700D4F7C8 /* se */ = {
			isa = PBXGroup;
			children = (
				AA4E9F0C2709BA4000D4F7C8 /* command.mp3 */,
				AA4E9F112709BA4000D4F7C8 /* message.mp3 */,
				AA4E9F0E2709BA4000D4F7C8 /* rest.mp3 */,
				AA4E9F0D2709BA4000D4F7C8 /* spell.mp3 */,
				AA4E9F0F2709BA4000D4F7C8 /* stairs.mp3 */,
				AA4E9F102709BA4000D4F7C8 /* win.mp3 */,
			);
			path = se;
			sourceTree = "<group>";
		};
		AA4E9F182709BB8500D4F7C8 /* App */ = {
			isa = PBXGroup;
			children = (
				AA4E9ED12709B7F300D4F7C8 /* DQ3App.swift */,
			);
			path = App;
			sourceTree = "<group>";
		};
		AA4E9F192709BB8C00D4F7C8 /* Scenes */ = {
			isa = PBXGroup;
			children = (
				AA4E9F2D2709BD8600D4F7C8 /* Base */,
				AA4E9F1B2709BC1700D4F7C8 /* Title */,
				AA4E9F212709BD3000D4F7C8 /* AdventureLog */,
				AA4E9FCB270ACE1700D4F7C8 /* DQMapScene */,
			);
			path = Scenes;
			sourceTree = "<group>";
		};
		AA4E9F1A2709BBA600D4F7C8 /* Views */ = {
			isa = PBXGroup;
			children = (
				AA4E9ED32709B7F300D4F7C8 /* ContentView.swift */,
			);
			path = Views;
			sourceTree = "<group>";
		};
		AA4E9F1B2709BC1700D4F7C8 /* Title */ = {
			isa = PBXGroup;
			children = (
				AA4E9F1C2709BC2300D4F7C8 /* TitleScene.swift */,
			);
			path = Title;
			sourceTree = "<group>";
		};
		AA4E9F1E2709BC5200D4F7C8 /* Constants */ = {
			isa = PBXGroup;
			children = (
				AA4E9F972709C1DF00D4F7C8 /* CharacterPositions */,
				AA4E9F552709BEC400D4F7C8 /* DebugOption.swift */,
				AA4E9F1F2709BC6600D4F7C8 /* Constant.swift */,
				AA4E9F372709BDE700D4F7C8 /* Direction.swift */,
				AA4E9F952709C17400D4F7C8 /* DQStory.swift */,
				AA4E9FE6270AD0E500D4F7C8 /* DQSceneType.swift */,
				AA4E9F7A2709C0BA00D4F7C8 /* DQCharacter.swift */,
				AA4E9F7C2709C0D700D4F7C8 /* DQVocation.swift */,
				AA4E9F532709BE9500D4F7C8 /* DQAudio.swift */,
				AA4E9F572709BED500D4F7C8 /* ZPosition.swift */,
				AA4E9FE8270AD1FC00D4F7C8 /* Typealiases.swift */,
			);
			path = Constants;
			sourceTree = "<group>";
		};
		AA4E9F212709BD3000D4F7C8 /* AdventureLog */ = {
			isa = PBXGroup;
			children = (
				AA4E9F242709BD4300D4F7C8 /* AdventureLogScene.swift */,
				AA4E9F222709BD4300D4F7C8 /* AdventureLogSceneButton.swift */,
				AA4E9F232709BD4300D4F7C8 /* AdventureLogSceneProcessing.swift */,
				AA4E9F282709BD4C00D4F7C8 /* AdventureLogTopWindow */,
			);
			path = AdventureLog;
			sourceTree = "<group>";
		};
		AA4E9F282709BD4C00D4F7C8 /* AdventureLogTopWindow */ = {
			isa = PBXGroup;
			children = (
				AA4E9F2A2709BD6900D4F7C8 /* AdventureLogTopWindowNode.swift */,
				AA4E9F292709BD6900D4F7C8 /* AdventureLogTopWindowNodeButtonA.swift */,
			);
			path = AdventureLogTopWindow;
			sourceTree = "<group>";
		};
		AA4E9F2D2709BD8600D4F7C8 /* Base */ = {
			isa = PBXGroup;
			children = (
				AA4E9F2E2709BD9400D4F7C8 /* BaseScene.swift */,
				AA4E9F2F2709BD9400D4F7C8 /* BaseSceneVirtualPad.swift */,
				AA4E9F602709BFE100D4F7C8 /* BaseMap */,
			);
			path = Base;
			sourceTree = "<group>";
		};
		AA4E9F322709BDB100D4F7C8 /* Nodes */ = {
			isa = PBXGroup;
			children = (
				AA4E9FC0270A99BF00D4F7C8 /* CharacterNode */,
				AA4E9F332709BDC000D4F7C8 /* ButtonOverlay.swift */,
				AA4E9F342709BDC000D4F7C8 /* PadOverlay.swift */,
			);
			path = Nodes;
			sourceTree = "<group>";
		};
		AA4E9F392709BE0200D4F7C8 /* Functions */ = {
			isa = PBXGroup;
			children = (
				AA4E9F3A2709BE1300D4F7C8 /* Triangle.swift */,
				AA4E9F3D2709BE1400D4F7C8 /* Window.swift */,
				AA4E9F3B2709BE1300D4F7C8 /* Window2.swift */,
				AA4E9F3C2709BE1300D4F7C8 /* Words.swift */,
				AA4E9FB5270A93D300D4F7C8 /* CharacterAnimation.swift */,
			);
			path = Functions;
			sourceTree = "<group>";
		};
		AA4E9F422709BE2D00D4F7C8 /* Classes */ = {
			isa = PBXGroup;
			children = (
				AA4E9FB9270A995200D4F7C8 /* AdventureLog */,
				AA4E9F432709BE4600D4F7C8 /* DQFont */,
			);
			path = Classes;
			sourceTree = "<group>";
		};
		AA4E9F432709BE4600D4F7C8 /* DQFont */ = {
			isa = PBXGroup;
			children = (
				AA4E9F452709BE4E00D4F7C8 /* DQFont.swift */,
				AA4E9F462709BE4E00D4F7C8 /* DQFontCheck.swift */,
				AA4E9F472709BE4E00D4F7C8 /* DQFontLittleCircle.swift */,
				AA4E9F442709BE4E00D4F7C8 /* DQFontLittleDashes.swift */,
				AA4E9F482709BE4E00D4F7C8 /* DQFontNormal.swift */,
			);
			path = DQFont;
			sourceTree = "<group>";
		};
		AA4E9F4E2709BE6500D4F7C8 /* Managers */ = {
			isa = PBXGroup;
			children = (
				AA4E9FB7270A993D00D4F7C8 /* DataManager.swift */,
				AA4E9F502709BE7900D4F7C8 /* AudioManager.swift */,
				AA4E9F4F2709BE7900D4F7C8 /* SoundEffectManager.swift */,
			);
			path = Managers;
			sourceTree = "<group>";
		};
		AA4E9F592709BF6800D4F7C8 /* Opening */ = {
			isa = PBXGroup;
			children = (
				AA4E9F5A2709BF7E00D4F7C8 /* OpeningScene.swift */,
				AA4E9F5B2709BF7E00D4F7C8 /* OpeningSceneButton.swift */,
			);
			path = Opening;
			sourceTree = "<group>";
		};
		AA4E9F602709BFE100D4F7C8 /* BaseMap */ = {
			isa = PBXGroup;
			children = (
				AA4E9F682709BFF100D4F7C8 /* BaseMapScene.swift */,
				AA4E9F642709BFF100D4F7C8 /* BaseMapSceneButton.swift */,
				AA4E9F652709BFF100D4F7C8 /* BaseMapSceneCharacter.swift */,
				AA4E9F662709BFF100D4F7C8 /* BaseMapSceneCharacterHero.swift */,
				AA4E9F622709BFF100D4F7C8 /* BaseMapSceneCharacterNpc.swift */,
				AA4E9FDB270ACF4900D4F7C8 /* BaseMapSceneDQMapScene.swift */,
				AA4E9FDD270ACF5300D4F7C8 /* BaseMapSceneStick.swift */,
				AA4E9F632709BFF100D4F7C8 /* BaseMapSceneTileMap.swift */,
				AA4E9FDF270ACF6700D4F7C8 /* BaseMapSceneUpdate.swift */,
				AA4E9FC9270A9B4300D4F7C8 /* BaseMapSceneUpdateProcess.swift */,
				AA4E9FE1270ACF7900D4F7C8 /* Transition */,
			);
			path = BaseMap;
			sourceTree = "<group>";
		};
		AA4E9F712709C00C00D4F7C8 /* MapMessageWindow */ = {
			isa = PBXGroup;
			children = (
				AA4E9F732709C01F00D4F7C8 /* MapMessageWindowNode.swift */,
				AA4E9F722709C01F00D4F7C8 /* MapMessageWindowNodeLine.swift */,
				AA4E9F742709C01F00D4F7C8 /* MapMessageWindowNodeShow.swift */,
				AA4E9F752709C02000D4F7C8 /* MapMessageWindowNodeShowAll.swift */,
			);
			path = MapMessageWindow;
			sourceTree = "<group>";
		};
		AA4E9F7E2709C13800D4F7C8 /* AliahanTownHouse */ = {
			isa = PBXGroup;
			children = (
				AA4E9F7F2709C14800D4F7C8 /* AliahanTownHouseScene.swift */,
				AA4E9F832709C14800D4F7C8 /* AliahanTownHouseSceneButton.swift */,
				AA4E9F892709C14800D4F7C8 /* AliahanTownHouseSceneButtonAOpening.swift */,
				AA4E9F812709C14800D4F7C8 /* AliahanTownHouseSceneCheckCanMove.swift */,
				AA4E9F882709C14800D4F7C8 /* AliahanTownHouseSceneCheckPosition.swift */,
				AA4E9F842709C14800D4F7C8 /* AliahanTownHouseSceneEvent.swift */,
				AA4E9F862709C14800D4F7C8 /* AliahanTownHouseSceneNpcCharacters.swift */,
				AA4E9F852709C14800D4F7C8 /* AliahanTownHouseScenePartyCharacters.swift */,
				AA4E9F802709C14800D4F7C8 /* aliahan_town_house.csv */,
			);
			path = AliahanTownHouse;
			sourceTree = "<group>";
		};
		AA4E9F972709C1DF00D4F7C8 /* CharacterPositions */ = {
			isa = PBXGroup;
			children = (
				AA4E9F992709C1F200D4F7C8 /* AliahanTownHouse.swift */,
				AA4E9F982709C1F200D4F7C8 /* AliahanTown.swift */,
			);
			path = CharacterPositions;
			sourceTree = "<group>";
		};
		AA4E9F9C2709C66100D4F7C8 /* AliahanTown */ = {
			isa = PBXGroup;
			children = (
				AA4E9F9F2709C67E00D4F7C8 /* AliahanTownScene.swift */,
				AA4E9FA72709C67E00D4F7C8 /* AliahanTownSceneButton.swift */,
				AA4E9FA62709C67E00D4F7C8 /* AliahanTownSceneButtonAOpening.swift */,
				AA4E9F9E2709C67E00D4F7C8 /* AliahanTownSceneCheckCanMove.swift */,
				AA4E9FA02709C67E00D4F7C8 /* AliahanTownSceneCheckPosition.swift */,
				AA4E9FA42709C67E00D4F7C8 /* AliahanTownSceneEvent.swift */,
				AA4E9FA52709C67E00D4F7C8 /* AliahanTownSceneNpcCharacters.swift */,
				AA4E9FA12709C67E00D4F7C8 /* AliahanTownScenePartyCharacters.swift */,
				AA4E9F9D2709C67E00D4F7C8 /* aliahan_town_inside.csv */,
				AA4E9FA22709C67E00D4F7C8 /* aliahan_town.csv */,
			);
			path = AliahanTown;
			sourceTree = "<group>";
		};
		AA4E9FB9270A995200D4F7C8 /* AdventureLog */ = {
			isa = PBXGroup;
			children = (
				AA4E9FBA270A996000D4F7C8 /* AdventureLog.swift */,
			);
			path = AdventureLog;
			sourceTree = "<group>";
		};
		AA4E9FC0270A99BF00D4F7C8 /* CharacterNode */ = {
			isa = PBXGroup;
			children = (
				AA4E9FC2270A99E600D4F7C8 /* CharacterNode.swift */,
				AA4E9FC4270A99E600D4F7C8 /* CharacterNodeDirection.swift */,
				AA4E9FC3270A99E600D4F7C8 /* CharacterNodeMove.swift */,
				AA4E9FC1270A99E600D4F7C8 /* CharacterNodePosition.swift */,
			);
			path = CharacterNode;
			sourceTree = "<group>";
		};
		AA4E9FCB270ACE1700D4F7C8 /* DQMapScene */ = {
			isa = PBXGroup;
			children = (
				AA4E9F592709BF6800D4F7C8 /* Opening */,
				AA4E9F7E2709C13800D4F7C8 /* AliahanTownHouse */,
				AA4E9F9C2709C66100D4F7C8 /* AliahanTown */,
				AA4E9FCD270ACE3F00D4F7C8 /* DQMapScene.swift */,
				AA4E9FCE270ACE3F00D4F7C8 /* DQMapSceneButtonA.swift */,
				AA4E9FCC270ACE3F00D4F7C8 /* DQMapSceneButtonB.swift */,
				AA4E9F712709C00C00D4F7C8 /* MapMessageWindow */,
			);
			path = DQMapScene;
			sourceTree = "<group>";
		};
		AA4E9FE1270ACF7900D4F7C8 /* Transition */ = {
			isa = PBXGroup;
			children = (
				AA4E9FE2270ACF8700D4F7C8 /* BaseMapSceneTransitionToMap.swift */,
				AA4E9FE3270ACF8700D4F7C8 /* BaseMapSceneTransitionToMapWithStairs.swift */,
			);
			path = Transition;
			sourceTree = "<group>";
		};
/* End PBXGroup section */

/* Begin PBXNativeTarget section */
		AA4E9ECD2709B7F300D4F7C8 /* DQ3 */ = {
			isa = PBXNativeTarget;
			buildConfigurationList = AA4E9EF22709B7F400D4F7C8 /* Build configuration list for PBXNativeTarget "DQ3" */;
			buildPhases = (
				AA4E9ECA2709B7F300D4F7C8 /* Sources */,
				AA4E9ECB2709B7F300D4F7C8 /* Frameworks */,
				AA4E9ECC2709B7F300D4F7C8 /* Resources */,
			);
			buildRules = (
			);
			dependencies = (
			);
			name = DQ3;
			productName = DQ3;
			productReference = AA4E9ECE2709B7F300D4F7C8 /* DQ3.app */;
			productType = "com.apple.product-type.application";
		};
		AA4E9EDD2709B7F400D4F7C8 /* DQ3Tests */ = {
			isa = PBXNativeTarget;
			buildConfigurationList = AA4E9EF52709B7F400D4F7C8 /* Build configuration list for PBXNativeTarget "DQ3Tests" */;
			buildPhases = (
				AA4E9EDA2709B7F400D4F7C8 /* Sources */,
				AA4E9EDB2709B7F400D4F7C8 /* Frameworks */,
				AA4E9EDC2709B7F400D4F7C8 /* Resources */,
			);
			buildRules = (
			);
			dependencies = (
				AA4E9EE02709B7F400D4F7C8 /* PBXTargetDependency */,
			);
			name = DQ3Tests;
			productName = DQ3Tests;
			productReference = AA4E9EDE2709B7F400D4F7C8 /* DQ3Tests.xctest */;
			productType = "com.apple.product-type.bundle.unit-test";
		};
		AA4E9EE72709B7F400D4F7C8 /* DQ3UITests */ = {
			isa = PBXNativeTarget;
			buildConfigurationList = AA4E9EF82709B7F400D4F7C8 /* Build configuration list for PBXNativeTarget "DQ3UITests" */;
			buildPhases = (
				AA4E9EE42709B7F400D4F7C8 /* Sources */,
				AA4E9EE52709B7F400D4F7C8 /* Frameworks */,
				AA4E9EE62709B7F400D4F7C8 /* Resources */,
			);
			buildRules = (
			);
			dependencies = (
				AA4E9EEA2709B7F400D4F7C8 /* PBXTargetDependency */,
			);
			name = DQ3UITests;
			productName = DQ3UITests;
			productReference = AA4E9EE82709B7F400D4F7C8 /* DQ3UITests.xctest */;
			productType = "com.apple.product-type.bundle.ui-testing";
		};
/* End PBXNativeTarget section */

/* Begin PBXProject section */
		AA4E9EC62709B7F300D4F7C8 /* Project object */ = {
			isa = PBXProject;
			attributes = {
				BuildIndependentTargetsInParallel = 1;
				LastSwiftUpdateCheck = 1300;
				LastUpgradeCheck = 1300;
				TargetAttributes = {
					AA4E9ECD2709B7F300D4F7C8 = {
						CreatedOnToolsVersion = 13.0;
					};
					AA4E9EDD2709B7F400D4F7C8 = {
						CreatedOnToolsVersion = 13.0;
						TestTargetID = AA4E9ECD2709B7F300D4F7C8;
					};
					AA4E9EE72709B7F400D4F7C8 = {
						CreatedOnToolsVersion = 13.0;
						TestTargetID = AA4E9ECD2709B7F300D4F7C8;
					};
				};
			};
			buildConfigurationList = AA4E9EC92709B7F300D4F7C8 /* Build configuration list for PBXProject "DQ3" */;
			compatibilityVersion = "Xcode 13.0";
			developmentRegion = en;
			hasScannedForEncodings = 0;
			knownRegions = (
				en,
				Base,
			);
			mainGroup = AA4E9EC52709B7F300D4F7C8;
			productRefGroup = AA4E9ECF2709B7F300D4F7C8 /* Products */;
			projectDirPath = "";
			projectRoot = "";
			targets = (
				AA4E9ECD2709B7F300D4F7C8 /* DQ3 */,
				AA4E9EDD2709B7F400D4F7C8 /* DQ3Tests */,
				AA4E9EE72709B7F400D4F7C8 /* DQ3UITests */,
			);
		};
/* End PBXProject section */

/* Begin PBXResourcesBuildPhase section */
		AA4E9ECC2709B7F300D4F7C8 /* Resources */ = {
			isa = PBXResourcesBuildPhase;
			buildActionMask = 2147483647;
			files = (
				AA4E9ED92709B7F400D4F7C8 /* Preview Assets.xcassets in Resources */,
				AA4E9F072709BA3800D4F7C8 /* field.mp3 in Resources */,
				AA4E9F0B2709BA3800D4F7C8 /* ship.mp3 in Resources */,
				AA4E9F052709BA3800D4F7C8 /* battle.mp3 in Resources */,
				AA4E9F122709BA4000D4F7C8 /* command.mp3 in Resources */,
				AA4E9F152709BA4000D4F7C8 /* stairs.mp3 in Resources */,
				AA4E9F062709BA3800D4F7C8 /* town.mp3 in Resources */,
				AA4E9F0A2709BA3800D4F7C8 /* castle.mp3 in Resources */,
				AA4E9FA92709C67F00D4F7C8 /* aliahan_town_inside.csv in Resources */,
				AA4E9F8B2709C14800D4F7C8 /* aliahan_town_house.csv in Resources */,
				AA4E9F082709BA3800D4F7C8 /* alefgard.mp3 in Resources */,
				AA4E9F162709BA4000D4F7C8 /* win.mp3 in Resources */,
				AA4E9F142709BA4000D4F7C8 /* rest.mp3 in Resources */,
				AA4E9FAE2709C67F00D4F7C8 /* aliahan_town.csv in Resources */,
				AA4E9F092709BA3800D4F7C8 /* ramia.mp3 in Resources */,
				AA4E9ED62709B7F400D4F7C8 /* Assets.xcassets in Resources */,
				AA4E9F132709BA4000D4F7C8 /* spell.mp3 in Resources */,
				AA4E9F172709BA4000D4F7C8 /* message.mp3 in Resources */,
			);
			runOnlyForDeploymentPostprocessing = 0;
		};
		AA4E9EDC2709B7F400D4F7C8 /* Resources */ = {
			isa = PBXResourcesBuildPhase;
			buildActionMask = 2147483647;
			files = (
			);
			runOnlyForDeploymentPostprocessing = 0;
		};
		AA4E9EE62709B7F400D4F7C8 /* Resources */ = {
			isa = PBXResourcesBuildPhase;
			buildActionMask = 2147483647;
			files = (
			);
			runOnlyForDeploymentPostprocessing = 0;
		};
/* End PBXResourcesBuildPhase section */

/* Begin PBXSourcesBuildPhase section */
		AA4E9ECA2709B7F300D4F7C8 /* Sources */ = {
			isa = PBXSourcesBuildPhase;
			buildActionMask = 2147483647;
			files = (
				AA4E9F492709BE4E00D4F7C8 /* DQFontLittleDashes.swift in Sources */,
				AA4E9F352709BDC000D4F7C8 /* ButtonOverlay.swift in Sources */,
				AA4E9F762709C02000D4F7C8 /* MapMessageWindowNodeLine.swift in Sources */,
				AA4E9F6C2709BFF100D4F7C8 /* BaseMapSceneButton.swift in Sources */,
				AA4E9FAA2709C67F00D4F7C8 /* AliahanTownSceneCheckCanMove.swift in Sources */,
				AA4E9FC5270A99E600D4F7C8 /* CharacterNodePosition.swift in Sources */,
				AA4E9F402709BE1400D4F7C8 /* Words.swift in Sources */,
				AA4E9F5E2709BF7E00D4F7C8 /* OpeningSceneButton.swift in Sources */,
				AA4E9F702709BFF100D4F7C8 /* BaseMapScene.swift in Sources */,
				AA4E9F8E2709C14800D4F7C8 /* AliahanTownHouseSceneButton.swift in Sources */,
				AA4E9F5D2709BF7E00D4F7C8 /* OpeningScene.swift in Sources */,
				AA4E9F772709C02000D4F7C8 /* MapMessageWindowNode.swift in Sources */,
				AA4E9F562709BEC400D4F7C8 /* DebugOption.swift in Sources */,
				AA4E9F9B2709C1F200D4F7C8 /* AliahanTownHouse.swift in Sources */,
				AA4E9F4B2709BE4E00D4F7C8 /* DQFontCheck.swift in Sources */,
				AA4E9F6A2709BFF100D4F7C8 /* BaseMapSceneCharacterNpc.swift in Sources */,
				AA4E9FDC270ACF4900D4F7C8 /* BaseMapSceneDQMapScene.swift in Sources */,
				AA4E9F942709C14800D4F7C8 /* AliahanTownHouseSceneButtonAOpening.swift in Sources */,
				AA4E9F582709BED500D4F7C8 /* ZPosition.swift in Sources */,
				AA4E9F512709BE7900D4F7C8 /* SoundEffectManager.swift in Sources */,
				AA4E9FAD2709C67F00D4F7C8 /* AliahanTownScenePartyCharacters.swift in Sources */,
				AA4E9ED42709B7F300D4F7C8 /* ContentView.swift in Sources */,
				AA4E9F4C2709BE4E00D4F7C8 /* DQFontLittleCircle.swift in Sources */,
				AA4E9FE7270AD0E500D4F7C8 /* DQSceneType.swift in Sources */,
				AA4E9FE4270ACF8700D4F7C8 /* BaseMapSceneTransitionToMap.swift in Sources */,
				AA4E9FD0270ACE3F00D4F7C8 /* DQMapScene.swift in Sources */,
				AA4E9F8C2709C14800D4F7C8 /* AliahanTownHouseSceneCheckCanMove.swift in Sources */,
				AA4E9F932709C14800D4F7C8 /* AliahanTownHouseSceneCheckPosition.swift in Sources */,
				AA4E9F542709BE9500D4F7C8 /* DQAudio.swift in Sources */,
				AA4E9FE0270ACF6700D4F7C8 /* BaseMapSceneUpdate.swift in Sources */,
				AA4E9FBD270A996000D4F7C8 /* AdventureLog.swift in Sources */,
				AA4E9F3F2709BE1400D4F7C8 /* Window2.swift in Sources */,
				AA4E9FC6270A99E600D4F7C8 /* CharacterNode.swift in Sources */,
				AA4E9FC8270A99E600D4F7C8 /* CharacterNodeDirection.swift in Sources */,
				AA4E9F2C2709BD6900D4F7C8 /* AdventureLogTopWindowNode.swift in Sources */,
				AA4E9FAC2709C67F00D4F7C8 /* AliahanTownSceneCheckPosition.swift in Sources */,
				AA4E9FB32709C67F00D4F7C8 /* AliahanTownSceneButton.swift in Sources */,
				AA4E9FB8270A993D00D4F7C8 /* DataManager.swift in Sources */,
				AA4E9ED22709B7F300D4F7C8 /* DQ3App.swift in Sources */,
				AA4E9F912709C14800D4F7C8 /* AliahanTownHouseSceneNpcCharacters.swift in Sources */,
				AA4E9F4A2709BE4E00D4F7C8 /* DQFont.swift in Sources */,
				AA4E9FCA270A9B4300D4F7C8 /* BaseMapSceneUpdateProcess.swift in Sources */,
				AA4E9F312709BD9400D4F7C8 /* BaseSceneVirtualPad.swift in Sources */,
				AA4E9F962709C17400D4F7C8 /* DQStory.swift in Sources */,
				AA4E9F1D2709BC2300D4F7C8 /* TitleScene.swift in Sources */,
				AA4E9F8A2709C14800D4F7C8 /* AliahanTownHouseScene.swift in Sources */,
				AA4E9F6E2709BFF100D4F7C8 /* BaseMapSceneCharacterHero.swift in Sources */,
				AA4E9FB22709C67F00D4F7C8 /* AliahanTownSceneButtonAOpening.swift in Sources */,
				AA4E9F9A2709C1F200D4F7C8 /* AliahanTown.swift in Sources */,
				AA4E9F782709C02000D4F7C8 /* MapMessageWindowNodeShow.swift in Sources */,
				AA4E9F7D2709C0D700D4F7C8 /* DQVocation.swift in Sources */,
				AA4E9F4D2709BE4E00D4F7C8 /* DQFontNormal.swift in Sources */,
				AA4E9F262709BD4300D4F7C8 /* AdventureLogSceneProcessing.swift in Sources */,
				AA4E9F6D2709BFF100D4F7C8 /* BaseMapSceneCharacter.swift in Sources */,
				AA4E9FD1270ACE3F00D4F7C8 /* DQMapSceneButtonA.swift in Sources */,
				AA4E9F382709BDE700D4F7C8 /* Direction.swift in Sources */,
				AA4E9F792709C02000D4F7C8 /* MapMessageWindowNodeShowAll.swift in Sources */,
				AA4E9F252709BD4300D4F7C8 /* AdventureLogSceneButton.swift in Sources */,
				AA4E9F412709BE1400D4F7C8 /* Window.swift in Sources */,
				AA4E9F522709BE7900D4F7C8 /* AudioManager.swift in Sources */,
				AA4E9F272709BD4300D4F7C8 /* AdventureLogScene.swift in Sources */,
				AA4E9FCF270ACE3F00D4F7C8 /* DQMapSceneButtonB.swift in Sources */,
				AA4E9FE9270AD1FC00D4F7C8 /* Typealiases.swift in Sources */,
				AA4E9FAB2709C67F00D4F7C8 /* AliahanTownScene.swift in Sources */,
				AA4E9F362709BDC000D4F7C8 /* PadOverlay.swift in Sources */,
				AA4E9F202709BC6600D4F7C8 /* Constant.swift in Sources */,
				AA4E9FDE270ACF5300D4F7C8 /* BaseMapSceneStick.swift in Sources */,
				AA4E9F902709C14800D4F7C8 /* AliahanTownHouseScenePartyCharacters.swift in Sources */,
				AA4E9F3E2709BE1400D4F7C8 /* Triangle.swift in Sources */,
				AA4E9FB6270A93D300D4F7C8 /* CharacterAnimation.swift in Sources */,
				AA4E9FB12709C67F00D4F7C8 /* AliahanTownSceneNpcCharacters.swift in Sources */,
				AA4E9F8F2709C14800D4F7C8 /* AliahanTownHouseSceneEvent.swift in Sources */,
				AA4E9FE5270ACF8700D4F7C8 /* BaseMapSceneTransitionToMapWithStairs.swift in Sources */,
				AA4E9F2B2709BD6900D4F7C8 /* AdventureLogTopWindowNodeButtonA.swift in Sources */,
				AA4E9FB02709C67F00D4F7C8 /* AliahanTownSceneEvent.swift in Sources */,
				AA4E9FC7270A99E600D4F7C8 /* CharacterNodeMove.swift in Sources */,
				AA4E9F302709BD9400D4F7C8 /* BaseScene.swift in Sources */,
				AA4E9F7B2709C0BA00D4F7C8 /* DQCharacter.swift in Sources */,
				AA4E9F6B2709BFF100D4F7C8 /* BaseMapSceneTileMap.swift in Sources */,
			);
			runOnlyForDeploymentPostprocessing = 0;
		};
		AA4E9EDA2709B7F400D4F7C8 /* Sources */ = {
			isa = PBXSourcesBuildPhase;
			buildActionMask = 2147483647;
			files = (
				AA4E9EE32709B7F400D4F7C8 /* DQ3Tests.swift in Sources */,
			);
			runOnlyForDeploymentPostprocessing = 0;
		};
		AA4E9EE42709B7F400D4F7C8 /* Sources */ = {
			isa = PBXSourcesBuildPhase;
			buildActionMask = 2147483647;
			files = (
				AA4E9EED2709B7F400D4F7C8 /* DQ3UITests.swift in Sources */,
				AA4E9EEF2709B7F400D4F7C8 /* DQ3UITestsLaunchTests.swift in Sources */,
			);
			runOnlyForDeploymentPostprocessing = 0;
		};
/* End PBXSourcesBuildPhase section */

/* Begin PBXTargetDependency section */
		AA4E9EE02709B7F400D4F7C8 /* PBXTargetDependency */ = {
			isa = PBXTargetDependency;
			target = AA4E9ECD2709B7F300D4F7C8 /* DQ3 */;
			targetProxy = AA4E9EDF2709B7F400D4F7C8 /* PBXContainerItemProxy */;
		};
		AA4E9EEA2709B7F400D4F7C8 /* PBXTargetDependency */ = {
			isa = PBXTargetDependency;
			target = AA4E9ECD2709B7F300D4F7C8 /* DQ3 */;
			targetProxy = AA4E9EE92709B7F400D4F7C8 /* PBXContainerItemProxy */;
		};
/* End PBXTargetDependency section */

/* Begin XCBuildConfiguration section */
		AA4E9EF02709B7F400D4F7C8 /* Debug */ = {
			isa = XCBuildConfiguration;
			buildSettings = {
				ALWAYS_SEARCH_USER_PATHS = NO;
				CLANG_ANALYZER_NONNULL = YES;
				CLANG_ANALYZER_NUMBER_OBJECT_CONVERSION = YES_AGGRESSIVE;
				CLANG_CXX_LANGUAGE_STANDARD = "gnu++17";
				CLANG_CXX_LIBRARY = "libc++";
				CLANG_ENABLE_MODULES = YES;
				CLANG_ENABLE_OBJC_ARC = YES;
				CLANG_ENABLE_OBJC_WEAK = YES;
				CLANG_WARN_BLOCK_CAPTURE_AUTORELEASING = YES;
				CLANG_WARN_BOOL_CONVERSION = YES;
				CLANG_WARN_COMMA = YES;
				CLANG_WARN_CONSTANT_CONVERSION = YES;
				CLANG_WARN_DEPRECATED_OBJC_IMPLEMENTATIONS = YES;
				CLANG_WARN_DIRECT_OBJC_ISA_USAGE = YES_ERROR;
				CLANG_WARN_DOCUMENTATION_COMMENTS = YES;
				CLANG_WARN_EMPTY_BODY = YES;
				CLANG_WARN_ENUM_CONVERSION = YES;
				CLANG_WARN_INFINITE_RECURSION = YES;
				CLANG_WARN_INT_CONVERSION = YES;
				CLANG_WARN_NON_LITERAL_NULL_CONVERSION = YES;
				CLANG_WARN_OBJC_IMPLICIT_RETAIN_SELF = YES;
				CLANG_WARN_OBJC_LITERAL_CONVERSION = YES;
				CLANG_WARN_OBJC_ROOT_CLASS = YES_ERROR;
				CLANG_WARN_QUOTED_INCLUDE_IN_FRAMEWORK_HEADER = YES;
				CLANG_WARN_RANGE_LOOP_ANALYSIS = YES;
				CLANG_WARN_STRICT_PROTOTYPES = YES;
				CLANG_WARN_SUSPICIOUS_MOVE = YES;
				CLANG_WARN_UNGUARDED_AVAILABILITY = YES_AGGRESSIVE;
				CLANG_WARN_UNREACHABLE_CODE = YES;
				CLANG_WARN__DUPLICATE_METHOD_MATCH = YES;
				COPY_PHASE_STRIP = NO;
				DEBUG_INFORMATION_FORMAT = dwarf;
				ENABLE_STRICT_OBJC_MSGSEND = YES;
				ENABLE_TESTABILITY = YES;
				GCC_C_LANGUAGE_STANDARD = gnu11;
				GCC_DYNAMIC_NO_PIC = NO;
				GCC_NO_COMMON_BLOCKS = YES;
				GCC_OPTIMIZATION_LEVEL = 0;
				GCC_PREPROCESSOR_DEFINITIONS = (
					"DEBUG=1",
					"$(inherited)",
				);
				GCC_WARN_64_TO_32_BIT_CONVERSION = YES;
				GCC_WARN_ABOUT_RETURN_TYPE = YES_ERROR;
				GCC_WARN_UNDECLARED_SELECTOR = YES;
				GCC_WARN_UNINITIALIZED_AUTOS = YES_AGGRESSIVE;
				GCC_WARN_UNUSED_FUNCTION = YES;
				GCC_WARN_UNUSED_VARIABLE = YES;
				IPHONEOS_DEPLOYMENT_TARGET = 15.0;
				MTL_ENABLE_DEBUG_INFO = INCLUDE_SOURCE;
				MTL_FAST_MATH = YES;
				ONLY_ACTIVE_ARCH = YES;
				SDKROOT = iphoneos;
				SWIFT_ACTIVE_COMPILATION_CONDITIONS = DEBUG;
				SWIFT_OPTIMIZATION_LEVEL = "-Onone";
			};
			name = Debug;
		};
		AA4E9EF12709B7F400D4F7C8 /* Release */ = {
			isa = XCBuildConfiguration;
			buildSettings = {
				ALWAYS_SEARCH_USER_PATHS = NO;
				CLANG_ANALYZER_NONNULL = YES;
				CLANG_ANALYZER_NUMBER_OBJECT_CONVERSION = YES_AGGRESSIVE;
				CLANG_CXX_LANGUAGE_STANDARD = "gnu++17";
				CLANG_CXX_LIBRARY = "libc++";
				CLANG_ENABLE_MODULES = YES;
				CLANG_ENABLE_OBJC_ARC = YES;
				CLANG_ENABLE_OBJC_WEAK = YES;
				CLANG_WARN_BLOCK_CAPTURE_AUTORELEASING = YES;
				CLANG_WARN_BOOL_CONVERSION = YES;
				CLANG_WARN_COMMA = YES;
				CLANG_WARN_CONSTANT_CONVERSION = YES;
				CLANG_WARN_DEPRECATED_OBJC_IMPLEMENTATIONS = YES;
				CLANG_WARN_DIRECT_OBJC_ISA_USAGE = YES_ERROR;
				CLANG_WARN_DOCUMENTATION_COMMENTS = YES;
				CLANG_WARN_EMPTY_BODY = YES;
				CLANG_WARN_ENUM_CONVERSION = YES;
				CLANG_WARN_INFINITE_RECURSION = YES;
				CLANG_WARN_INT_CONVERSION = YES;
				CLANG_WARN_NON_LITERAL_NULL_CONVERSION = YES;
				CLANG_WARN_OBJC_IMPLICIT_RETAIN_SELF = YES;
				CLANG_WARN_OBJC_LITERAL_CONVERSION = YES;
				CLANG_WARN_OBJC_ROOT_CLASS = YES_ERROR;
				CLANG_WARN_QUOTED_INCLUDE_IN_FRAMEWORK_HEADER = YES;
				CLANG_WARN_RANGE_LOOP_ANALYSIS = YES;
				CLANG_WARN_STRICT_PROTOTYPES = YES;
				CLANG_WARN_SUSPICIOUS_MOVE = YES;
				CLANG_WARN_UNGUARDED_AVAILABILITY = YES_AGGRESSIVE;
				CLANG_WARN_UNREACHABLE_CODE = YES;
				CLANG_WARN__DUPLICATE_METHOD_MATCH = YES;
				COPY_PHASE_STRIP = NO;
				DEBUG_INFORMATION_FORMAT = "dwarf-with-dsym";
				ENABLE_NS_ASSERTIONS = NO;
				ENABLE_STRICT_OBJC_MSGSEND = YES;
				GCC_C_LANGUAGE_STANDARD = gnu11;
				GCC_NO_COMMON_BLOCKS = YES;
				GCC_WARN_64_TO_32_BIT_CONVERSION = YES;
				GCC_WARN_ABOUT_RETURN_TYPE = YES_ERROR;
				GCC_WARN_UNDECLARED_SELECTOR = YES;
				GCC_WARN_UNINITIALIZED_AUTOS = YES_AGGRESSIVE;
				GCC_WARN_UNUSED_FUNCTION = YES;
				GCC_WARN_UNUSED_VARIABLE = YES;
				IPHONEOS_DEPLOYMENT_TARGET = 15.0;
				MTL_ENABLE_DEBUG_INFO = NO;
				MTL_FAST_MATH = YES;
				SDKROOT = iphoneos;
				SWIFT_COMPILATION_MODE = wholemodule;
				SWIFT_OPTIMIZATION_LEVEL = "-O";
				VALIDATE_PRODUCT = YES;
			};
			name = Release;
		};
		AA4E9EF32709B7F400D4F7C8 /* Debug */ = {
			isa = XCBuildConfiguration;
			buildSettings = {
				ASSETCATALOG_COMPILER_APPICON_NAME = AppIcon;
				ASSETCATALOG_COMPILER_GLOBAL_ACCENT_COLOR_NAME = AccentColor;
				CODE_SIGN_STYLE = Automatic;
				CURRENT_PROJECT_VERSION = 1;
				DEVELOPMENT_ASSET_PATHS = "\"DQ3/Preview Content\"";
				ENABLE_PREVIEWS = YES;
				GENERATE_INFOPLIST_FILE = YES;
				INFOPLIST_KEY_UIApplicationSceneManifest_Generation = YES;
				INFOPLIST_KEY_UIApplicationSupportsIndirectInputEvents = YES;
				INFOPLIST_KEY_UILaunchScreen_Generation = YES;
				INFOPLIST_KEY_UISupportedInterfaceOrientations = UIInterfaceOrientationLandscapeRight;
				INFOPLIST_KEY_UISupportedInterfaceOrientations_iPad = "UIInterfaceOrientationPortrait UIInterfaceOrientationPortraitUpsideDown UIInterfaceOrientationLandscapeLeft UIInterfaceOrientationLandscapeRight";
				INFOPLIST_KEY_UISupportedInterfaceOrientations_iPhone = UIInterfaceOrientationLandscapeRight;
				IPHONEOS_DEPLOYMENT_TARGET = 15.0;
				LD_RUNPATH_SEARCH_PATHS = (
					"$(inherited)",
					"@executable_path/Frameworks",
				);
				MARKETING_VERSION = 0.4;
				PRODUCT_BUNDLE_IDENTIFIER = "info.office-aship.DQ3";
				PRODUCT_NAME = "$(TARGET_NAME)";
				SWIFT_EMIT_LOC_STRINGS = YES;
				SWIFT_VERSION = 5.0;
				TARGETED_DEVICE_FAMILY = "1,2";
			};
			name = Debug;
		};
		AA4E9EF42709B7F400D4F7C8 /* Release */ = {
			isa = XCBuildConfiguration;
			buildSettings = {
				ASSETCATALOG_COMPILER_APPICON_NAME = AppIcon;
				ASSETCATALOG_COMPILER_GLOBAL_ACCENT_COLOR_NAME = AccentColor;
				CODE_SIGN_STYLE = Automatic;
				CURRENT_PROJECT_VERSION = 1;
				DEVELOPMENT_ASSET_PATHS = "\"DQ3/Preview Content\"";
				ENABLE_PREVIEWS = YES;
				GENERATE_INFOPLIST_FILE = YES;
				INFOPLIST_KEY_UIApplicationSceneManifest_Generation = YES;
				INFOPLIST_KEY_UIApplicationSupportsIndirectInputEvents = YES;
				INFOPLIST_KEY_UILaunchScreen_Generation = YES;
				INFOPLIST_KEY_UISupportedInterfaceOrientations = UIInterfaceOrientationLandscapeRight;
				INFOPLIST_KEY_UISupportedInterfaceOrientations_iPad = "UIInterfaceOrientationPortrait UIInterfaceOrientationPortraitUpsideDown UIInterfaceOrientationLandscapeLeft UIInterfaceOrientationLandscapeRight";
				INFOPLIST_KEY_UISupportedInterfaceOrientations_iPhone = UIInterfaceOrientationLandscapeRight;
				IPHONEOS_DEPLOYMENT_TARGET = 15.0;
				LD_RUNPATH_SEARCH_PATHS = (
					"$(inherited)",
					"@executable_path/Frameworks",
				);
				MARKETING_VERSION = 0.4;
				PRODUCT_BUNDLE_IDENTIFIER = "info.office-aship.DQ3";
				PRODUCT_NAME = "$(TARGET_NAME)";
				SWIFT_EMIT_LOC_STRINGS = YES;
				SWIFT_VERSION = 5.0;
				TARGETED_DEVICE_FAMILY = "1,2";
			};
			name = Release;
		};
		AA4E9EF62709B7F400D4F7C8 /* Debug */ = {
			isa = XCBuildConfiguration;
			buildSettings = {
				ALWAYS_EMBED_SWIFT_STANDARD_LIBRARIES = YES;
				BUNDLE_LOADER = "$(TEST_HOST)";
				CODE_SIGN_STYLE = Automatic;
				CURRENT_PROJECT_VERSION = 1;
				GENERATE_INFOPLIST_FILE = YES;
				IPHONEOS_DEPLOYMENT_TARGET = 14.0;
				LD_RUNPATH_SEARCH_PATHS = (
					"$(inherited)",
					"@executable_path/Frameworks",
					"@loader_path/Frameworks",
				);
				MARKETING_VERSION = 1.0;
				PRODUCT_BUNDLE_IDENTIFIER = "info.office-aship.DQ3Tests";
				PRODUCT_NAME = "$(TARGET_NAME)";
				SWIFT_EMIT_LOC_STRINGS = NO;
				SWIFT_VERSION = 5.0;
				TARGETED_DEVICE_FAMILY = "1,2";
				TEST_HOST = "$(BUILT_PRODUCTS_DIR)/DQ3.app/DQ3";
			};
			name = Debug;
		};
		AA4E9EF72709B7F400D4F7C8 /* Release */ = {
			isa = XCBuildConfiguration;
			buildSettings = {
				ALWAYS_EMBED_SWIFT_STANDARD_LIBRARIES = YES;
				BUNDLE_LOADER = "$(TEST_HOST)";
				CODE_SIGN_STYLE = Automatic;
				CURRENT_PROJECT_VERSION = 1;
				GENERATE_INFOPLIST_FILE = YES;
				IPHONEOS_DEPLOYMENT_TARGET = 14.0;
				LD_RUNPATH_SEARCH_PATHS = (
					"$(inherited)",
					"@executable_path/Frameworks",
					"@loader_path/Frameworks",
				);
				MARKETING_VERSION = 1.0;
				PRODUCT_BUNDLE_IDENTIFIER = "info.office-aship.DQ3Tests";
				PRODUCT_NAME = "$(TARGET_NAME)";
				SWIFT_EMIT_LOC_STRINGS = NO;
				SWIFT_VERSION = 5.0;
				TARGETED_DEVICE_FAMILY = "1,2";
				TEST_HOST = "$(BUILT_PRODUCTS_DIR)/DQ3.app/DQ3";
			};
			name = Release;
		};
		AA4E9EF92709B7F400D4F7C8 /* Debug */ = {
			isa = XCBuildConfiguration;
			buildSettings = {
				ALWAYS_EMBED_SWIFT_STANDARD_LIBRARIES = YES;
				CODE_SIGN_STYLE = Automatic;
				CURRENT_PROJECT_VERSION = 1;
				GENERATE_INFOPLIST_FILE = YES;
				LD_RUNPATH_SEARCH_PATHS = (
					"$(inherited)",
					"@executable_path/Frameworks",
					"@loader_path/Frameworks",
				);
				MARKETING_VERSION = 1.0;
				PRODUCT_BUNDLE_IDENTIFIER = "info.office-aship.DQ3UITests";
				PRODUCT_NAME = "$(TARGET_NAME)";
				SWIFT_EMIT_LOC_STRINGS = NO;
				SWIFT_VERSION = 5.0;
				TARGETED_DEVICE_FAMILY = "1,2";
				TEST_TARGET_NAME = DQ3;
			};
			name = Debug;
		};
		AA4E9EFA2709B7F400D4F7C8 /* Release */ = {
			isa = XCBuildConfiguration;
			buildSettings = {
				ALWAYS_EMBED_SWIFT_STANDARD_LIBRARIES = YES;
				CODE_SIGN_STYLE = Automatic;
				CURRENT_PROJECT_VERSION = 1;
				GENERATE_INFOPLIST_FILE = YES;
				LD_RUNPATH_SEARCH_PATHS = (
					"$(inherited)",
					"@executable_path/Frameworks",
					"@loader_path/Frameworks",
				);
				MARKETING_VERSION = 1.0;
				PRODUCT_BUNDLE_IDENTIFIER = "info.office-aship.DQ3UITests";
				PRODUCT_NAME = "$(TARGET_NAME)";
				SWIFT_EMIT_LOC_STRINGS = NO;
				SWIFT_VERSION = 5.0;
				TARGETED_DEVICE_FAMILY = "1,2";
				TEST_TARGET_NAME = DQ3;
			};
			name = Release;
		};
/* End XCBuildConfiguration section */

/* Begin XCConfigurationList section */
		AA4E9EC92709B7F300D4F7C8 /* Build configuration list for PBXProject "DQ3" */ = {
			isa = XCConfigurationList;
			buildConfigurations = (
				AA4E9EF02709B7F400D4F7C8 /* Debug */,
				AA4E9EF12709B7F400D4F7C8 /* Release */,
			);
			defaultConfigurationIsVisible = 0;
			defaultConfigurationName = Release;
		};
		AA4E9EF22709B7F400D4F7C8 /* Build configuration list for PBXNativeTarget "DQ3" */ = {
			isa = XCConfigurationList;
			buildConfigurations = (
				AA4E9EF32709B7F400D4F7C8 /* Debug */,
				AA4E9EF42709B7F400D4F7C8 /* Release */,
			);
			defaultConfigurationIsVisible = 0;
			defaultConfigurationName = Release;
		};
		AA4E9EF52709B7F400D4F7C8 /* Build configuration list for PBXNativeTarget "DQ3Tests" */ = {
			isa = XCConfigurationList;
			buildConfigurations = (
				AA4E9EF62709B7F400D4F7C8 /* Debug */,
				AA4E9EF72709B7F400D4F7C8 /* Release */,
			);
			defaultConfigurationIsVisible = 0;
			defaultConfigurationName = Release;
		};
		AA4E9EF82709B7F400D4F7C8 /* Build configuration list for PBXNativeTarget "DQ3UITests" */ = {
			isa = XCConfigurationList;
			buildConfigurations = (
				AA4E9EF92709B7F400D4F7C8 /* Debug */,
				AA4E9EFA2709B7F400D4F7C8 /* Release */,
			);
			defaultConfigurationIsVisible = 0;
			defaultConfigurationName = Release;
		};
/* End XCConfigurationList section */
	};
	rootObject = AA4E9EC62709B7F300D4F7C8 /* Project object */;
}
